// !$*UTF8*$!
{
	archiveVersion = 1;
	classes = {
	};
	objectVersion = 46;
	objects = {

/* Begin PBXBuildFile section */
		84018D2F1A7A6AEE00DDF07E /* NSStream+StreamsToHost.m in Sources */ = {isa = PBXBuildFile; fileRef = 84018D2E1A7A6AEE00DDF07E /* NSStream+StreamsToHost.m */; };
		BF201F9F1A71F10900A571C8 /* SpyResource.bundle in Resources */ = {isa = PBXBuildFile; fileRef = BF201F9E1A71F10900A571C8 /* SpyResource.bundle */; };
		BF201FA21A72452D00A571C8 /* SPYConnection.m in Sources */ = {isa = PBXBuildFile; fileRef = BF201FA11A72452D00A571C8 /* SPYConnection.m */; };
		BF201FA41A733F0700A571C8 /* MobileCoreServices.framework in Frameworks */ = {isa = PBXBuildFile; fileRef = BF201FA31A733F0700A571C8 /* MobileCoreServices.framework */; };
		BF341FD11A7890AA00E5C0FC /* SettingsBoardView.m in Sources */ = {isa = PBXBuildFile; fileRef = BF341FD01A7890AA00E5C0FC /* SettingsBoardView.m */; };
		BF341FD41A78C28A00E5C0FC /* UIImage+category.m in Sources */ = {isa = PBXBuildFile; fileRef = BF341FD31A78C28A00E5C0FC /* UIImage+category.m */; };
		BF3D54B81A8CA4C200B4B202 /* GamePlayingViewController.m in Sources */ = {isa = PBXBuildFile; fileRef = BF3D54B61A8CA4C200B4B202 /* GamePlayingViewController.m */; };
		BF3D54B91A8CA4C200B4B202 /* GamePlayingViewController.xib in Resources */ = {isa = PBXBuildFile; fileRef = BF3D54B71A8CA4C200B4B202 /* GamePlayingViewController.xib */; };
		BF3DBBFD1A76243500A87FD2 /* Main.storyboard in Resources */ = {isa = PBXBuildFile; fileRef = BF3DBBFB1A76243500A87FD2 /* Main.storyboard */; };
		BF3DBC031A76277A00A87FD2 /* GameRoomView.m in Sources */ = {isa = PBXBuildFile; fileRef = BF3DBC021A76277A00A87FD2 /* GameRoomView.m */; };
		BF3DBC061A76350B00A87FD2 /* GameRoomCell.m in Sources */ = {isa = PBXBuildFile; fileRef = BF3DBC051A76350B00A87FD2 /* GameRoomCell.m */; };
		BF3DBC081A76351700A87FD2 /* GameRoomCell.xib in Resources */ = {isa = PBXBuildFile; fileRef = BF3DBC071A76351700A87FD2 /* GameRoomCell.xib */; };
		BF3DBC111A76449600A87FD2 /* GameRoomSubview.m in Sources */ = {isa = PBXBuildFile; fileRef = BF3DBC0F1A76449600A87FD2 /* GameRoomSubview.m */; };
		BF3DBC121A76449600A87FD2 /* GameRoomSubview.xib in Resources */ = {isa = PBXBuildFile; fileRef = BF3DBC101A76449600A87FD2 /* GameRoomSubview.xib */; };
		BF3DBC1C1A77765300A87FD2 /* SPYFileUtil.m in Sources */ = {isa = PBXBuildFile; fileRef = BF3DBC1B1A77765300A87FD2 /* SPYFileUtil.m */; };
		BF6D252A1A7B760C001F698A /* GameRoomHeader.m in Sources */ = {isa = PBXBuildFile; fileRef = BF6D25291A7B760C001F698A /* GameRoomHeader.m */; };
		BF6D252C1A7B7649001F698A /* GameRoomHeader.xib in Resources */ = {isa = PBXBuildFile; fileRef = BF6D252B1A7B7649001F698A /* GameRoomHeader.xib */; };
		BF74DEAD1A88A91D00E8744B /* SPYConnection+Delegate.m in Sources */ = {isa = PBXBuildFile; fileRef = BF74DEAC1A88A91D00E8744B /* SPYConnection+Delegate.m */; };
		BF77ACEB1A6E4725008CCFB9 /* main.m in Sources */ = {isa = PBXBuildFile; fileRef = BF77ACEA1A6E4725008CCFB9 /* main.m */; };
		BF77ACEE1A6E4725008CCFB9 /* AppDelegate.m in Sources */ = {isa = PBXBuildFile; fileRef = BF77ACED1A6E4725008CCFB9 /* AppDelegate.m */; };
		BF77ACF61A6E4725008CCFB9 /* Images.xcassets in Resources */ = {isa = PBXBuildFile; fileRef = BF77ACF51A6E4725008CCFB9 /* Images.xcassets */; };
		BF77ACF91A6E4725008CCFB9 /* LaunchScreen.xib in Resources */ = {isa = PBXBuildFile; fileRef = BF77ACF71A6E4725008CCFB9 /* LaunchScreen.xib */; };
		BF77AD051A6E4725008CCFB9 /* thespyTests.m in Sources */ = {isa = PBXBuildFile; fileRef = BF77AD041A6E4725008CCFB9 /* thespyTests.m */; };
		BF77AD2C1A6E47FF008CCFB9 /* ActionView.m in Sources */ = {isa = PBXBuildFile; fileRef = BF77AD1E1A6E47FF008CCFB9 /* ActionView.m */; };
		BF77AD2D1A6E47FF008CCFB9 /* GameInitionView.m in Sources */ = {isa = PBXBuildFile; fileRef = BF77AD211A6E47FF008CCFB9 /* GameInitionView.m */; };
		BF77AD2E1A6E47FF008CCFB9 /* PlayerBean.m in Sources */ = {isa = PBXBuildFile; fileRef = BF77AD231A6E47FF008CCFB9 /* PlayerBean.m */; };
		BF77AD2F1A6E47FF008CCFB9 /* PlayerHeader.m in Sources */ = {isa = PBXBuildFile; fileRef = BF77AD251A6E47FF008CCFB9 /* PlayerHeader.m */; };
		BF77AD301A6E47FF008CCFB9 /* GameInitionView.xib in Resources */ = {isa = PBXBuildFile; fileRef = BF77AD261A6E47FF008CCFB9 /* GameInitionView.xib */; };
		BF77AD311A6E47FF008CCFB9 /* PlayerHeader.xib in Resources */ = {isa = PBXBuildFile; fileRef = BF77AD271A6E47FF008CCFB9 /* PlayerHeader.xib */; };
		BF77AD321A6E47FF008CCFB9 /* PlayerInfoViewController.m in Sources */ = {isa = PBXBuildFile; fileRef = BF77AD291A6E47FF008CCFB9 /* PlayerInfoViewController.m */; };
		BF77AD331A6E47FF008CCFB9 /* ServerListViewController.m in Sources */ = {isa = PBXBuildFile; fileRef = BF77AD2B1A6E47FF008CCFB9 /* ServerListViewController.m */; };
		BF77AD3B1A6F808A008CCFB9 /* HistoryListViewController.m in Sources */ = {isa = PBXBuildFile; fileRef = BF77AD3A1A6F808A008CCFB9 /* HistoryListViewController.m */; };
		BF77AD3D1A6F88F6008CCFB9 /* libsqlite3.dylib in Frameworks */ = {isa = PBXBuildFile; fileRef = BF77AD3C1A6F88F6008CCFB9 /* libsqlite3.dylib */; };
		BF77AD411A6F8A5D008CCFB9 /* GameDB.m in Sources */ = {isa = PBXBuildFile; fileRef = BF77AD401A6F8A5D008CCFB9 /* GameDB.m */; };
		BF77AD441A6F935E008CCFB9 /* GameResult.m in Sources */ = {isa = PBXBuildFile; fileRef = BF77AD431A6F935E008CCFB9 /* GameResult.m */; };
		BF77AD471A6FD00C008CCFB9 /* HistoryListCell.m in Sources */ = {isa = PBXBuildFile; fileRef = BF77AD461A6FD00C008CCFB9 /* HistoryListCell.m */; };
		BF77AD491A6FD02C008CCFB9 /* HistoryListCell.xib in Resources */ = {isa = PBXBuildFile; fileRef = BF77AD481A6FD02C008CCFB9 /* HistoryListCell.xib */; };
		BF84BC6D1AB13F03007F4F35 /* SPYAlertView.m in Sources */ = {isa = PBXBuildFile; fileRef = BF84BC6C1AB13F03007F4F35 /* SPYAlertView.m */; };
		BF8DAD2E1ABBBF4A008EEBCB /* AVFoundation.framework in Frameworks */ = {isa = PBXBuildFile; fileRef = BF8DAD2D1ABBBF4A008EEBCB /* AVFoundation.framework */; };
		BFBA0DB51AAEC6070030D9D4 /* CameraOverlayView.m in Sources */ = {isa = PBXBuildFile; fileRef = BFBA0DB41AAEC6070030D9D4 /* CameraOverlayView.m */; };
		BFBA0DB71AAEC61E0030D9D4 /* CameraOverlayView.xib in Resources */ = {isa = PBXBuildFile; fileRef = BFBA0DB61AAEC61E0030D9D4 /* CameraOverlayView.xib */; };
		BFBA0DC21AB01A990030D9D4 /* InfoView.m in Sources */ = {isa = PBXBuildFile; fileRef = BFBA0DC11AB01A990030D9D4 /* InfoView.m */; };
		BFBA0DC41AB01AB60030D9D4 /* InfoView.xib in Resources */ = {isa = PBXBuildFile; fileRef = BFBA0DC31AB01AB60030D9D4 /* InfoView.xib */; };
		BFD050291A9DD5C10048355E /* words.plist in Resources */ = {isa = PBXBuildFile; fileRef = BFD050281A9DD5C10048355E /* words.plist */; };
		BFD050351A9F12350048355E /* UIWindow+YzdHUD.m in Sources */ = {isa = PBXBuildFile; fileRef = BFD0502C1A9F12350048355E /* UIWindow+YzdHUD.m */; };
		BFD050361A9F12350048355E /* YzdHUDBackgroundView.m in Sources */ = {isa = PBXBuildFile; fileRef = BFD0502E1A9F12350048355E /* YzdHUDBackgroundView.m */; };
		BFD050371A9F12350048355E /* YzdHUDImageView.m in Sources */ = {isa = PBXBuildFile; fileRef = BFD050301A9F12350048355E /* YzdHUDImageView.m */; };
		BFD050381A9F12350048355E /* YzdHUDIndicator.m in Sources */ = {isa = PBXBuildFile; fileRef = BFD050321A9F12350048355E /* YzdHUDIndicator.m */; };
		BFD050391A9F12350048355E /* YzdHUDLabel.m in Sources */ = {isa = PBXBuildFile; fileRef = BFD050341A9F12350048355E /* YzdHUDLabel.m */; };
		BFFEDA9E1AC91186008F26AC /* PrivacyPolicyView.m in Sources */ = {isa = PBXBuildFile; fileRef = BFFEDA9D1AC91186008F26AC /* PrivacyPolicyView.m */; };
		BFFEDAA01AC9119E008F26AC /* PrivacyPolicyView.xib in Resources */ = {isa = PBXBuildFile; fileRef = BFFEDA9F1AC9119E008F26AC /* PrivacyPolicyView.xib */; };
/* End PBXBuildFile section */

/* Begin PBXContainerItemProxy section */
		BF77ACFF1A6E4725008CCFB9 /* PBXContainerItemProxy */ = {
			isa = PBXContainerItemProxy;
			containerPortal = BF77ACDD1A6E4724008CCFB9 /* Project object */;
			proxyType = 1;
			remoteGlobalIDString = BF77ACE41A6E4724008CCFB9;
			remoteInfo = thespy;
		};
/* End PBXContainerItemProxy section */

/* Begin PBXFileReference section */
		84018D2D1A7A6AEE00DDF07E /* NSStream+StreamsToHost.h */ = {isa = PBXFileReference; fileEncoding = 4; lastKnownFileType = sourcecode.c.h; name = "NSStream+StreamsToHost.h"; path = "networking/NSStream+StreamsToHost.h"; sourceTree = "<group>"; };
		84018D2E1A7A6AEE00DDF07E /* NSStream+StreamsToHost.m */ = {isa = PBXFileReference; fileEncoding = 4; lastKnownFileType = sourcecode.c.objc; name = "NSStream+StreamsToHost.m"; path = "networking/NSStream+StreamsToHost.m"; sourceTree = "<group>"; };
		BF201F9E1A71F10900A571C8 /* SpyResource.bundle */ = {isa = PBXFileReference; lastKnownFileType = "wrapper.plug-in"; name = SpyResource.bundle; path = thespy/SpyResource.bundle; sourceTree = "<group>"; };
		BF201FA01A72452D00A571C8 /* SPYConnection.h */ = {isa = PBXFileReference; fileEncoding = 4; lastKnownFileType = sourcecode.c.h; name = SPYConnection.h; path = networking/SPYConnection.h; sourceTree = "<group>"; };
		BF201FA11A72452D00A571C8 /* SPYConnection.m */ = {isa = PBXFileReference; fileEncoding = 4; lastKnownFileType = sourcecode.c.objc; name = SPYConnection.m; path = networking/SPYConnection.m; sourceTree = "<group>"; };
		BF201FA31A733F0700A571C8 /* MobileCoreServices.framework */ = {isa = PBXFileReference; lastKnownFileType = wrapper.framework; name = MobileCoreServices.framework; path = System/Library/Frameworks/MobileCoreServices.framework; sourceTree = SDKROOT; };
		BF341FCF1A7890AA00E5C0FC /* SettingsBoardView.h */ = {isa = PBXFileReference; fileEncoding = 4; lastKnownFileType = sourcecode.c.h; path = SettingsBoardView.h; sourceTree = "<group>"; };
		BF341FD01A7890AA00E5C0FC /* SettingsBoardView.m */ = {isa = PBXFileReference; fileEncoding = 4; lastKnownFileType = sourcecode.c.objc; path = SettingsBoardView.m; sourceTree = "<group>"; };
		BF341FD21A78C28A00E5C0FC /* UIImage+category.h */ = {isa = PBXFileReference; fileEncoding = 4; lastKnownFileType = sourcecode.c.h; path = "UIImage+category.h"; sourceTree = "<group>"; };
		BF341FD31A78C28A00E5C0FC /* UIImage+category.m */ = {isa = PBXFileReference; fileEncoding = 4; lastKnownFileType = sourcecode.c.objc; path = "UIImage+category.m"; sourceTree = "<group>"; };
		BF3D54B51A8CA4C200B4B202 /* GamePlayingViewController.h */ = {isa = PBXFileReference; fileEncoding = 4; lastKnownFileType = sourcecode.c.h; path = GamePlayingViewController.h; sourceTree = "<group>"; };
		BF3D54B61A8CA4C200B4B202 /* GamePlayingViewController.m */ = {isa = PBXFileReference; fileEncoding = 4; lastKnownFileType = sourcecode.c.objc; path = GamePlayingViewController.m; sourceTree = "<group>"; };
		BF3D54B71A8CA4C200B4B202 /* GamePlayingViewController.xib */ = {isa = PBXFileReference; fileEncoding = 4; lastKnownFileType = file.xib; path = GamePlayingViewController.xib; sourceTree = "<group>"; };
		BF3DBBFC1A76243500A87FD2 /* Base */ = {isa = PBXFileReference; lastKnownFileType = file.storyboard; name = Base; path = Base.lproj/Main.storyboard; sourceTree = "<group>"; };
		BF3DBC011A76277A00A87FD2 /* GameRoomView.h */ = {isa = PBXFileReference; fileEncoding = 4; lastKnownFileType = sourcecode.c.h; path = GameRoomView.h; sourceTree = "<group>"; };
		BF3DBC021A76277A00A87FD2 /* GameRoomView.m */ = {isa = PBXFileReference; fileEncoding = 4; lastKnownFileType = sourcecode.c.objc; path = GameRoomView.m; sourceTree = "<group>"; };
		BF3DBC041A76350B00A87FD2 /* GameRoomCell.h */ = {isa = PBXFileReference; fileEncoding = 4; lastKnownFileType = sourcecode.c.h; path = GameRoomCell.h; sourceTree = "<group>"; };
		BF3DBC051A76350B00A87FD2 /* GameRoomCell.m */ = {isa = PBXFileReference; fileEncoding = 4; lastKnownFileType = sourcecode.c.objc; path = GameRoomCell.m; sourceTree = "<group>"; };
		BF3DBC071A76351700A87FD2 /* GameRoomCell.xib */ = {isa = PBXFileReference; fileEncoding = 4; lastKnownFileType = file.xib; path = GameRoomCell.xib; sourceTree = "<group>"; };
		BF3DBC0E1A76449600A87FD2 /* GameRoomSubview.h */ = {isa = PBXFileReference; fileEncoding = 4; lastKnownFileType = sourcecode.c.h; path = GameRoomSubview.h; sourceTree = "<group>"; };
		BF3DBC0F1A76449600A87FD2 /* GameRoomSubview.m */ = {isa = PBXFileReference; fileEncoding = 4; lastKnownFileType = sourcecode.c.objc; path = GameRoomSubview.m; sourceTree = "<group>"; };
		BF3DBC101A76449600A87FD2 /* GameRoomSubview.xib */ = {isa = PBXFileReference; fileEncoding = 4; lastKnownFileType = file.xib; path = GameRoomSubview.xib; sourceTree = "<group>"; };
		BF3DBC1A1A77765300A87FD2 /* SPYFileUtil.h */ = {isa = PBXFileReference; fileEncoding = 4; lastKnownFileType = sourcecode.c.h; name = SPYFileUtil.h; path = files/SPYFileUtil.h; sourceTree = "<group>"; };
		BF3DBC1B1A77765300A87FD2 /* SPYFileUtil.m */ = {isa = PBXFileReference; fileEncoding = 4; lastKnownFileType = sourcecode.c.objc; name = SPYFileUtil.m; path = files/SPYFileUtil.m; sourceTree = "<group>"; };
		BF6D25281A7B760C001F698A /* GameRoomHeader.h */ = {isa = PBXFileReference; fileEncoding = 4; lastKnownFileType = sourcecode.c.h; path = GameRoomHeader.h; sourceTree = "<group>"; };
		BF6D25291A7B760C001F698A /* GameRoomHeader.m */ = {isa = PBXFileReference; fileEncoding = 4; lastKnownFileType = sourcecode.c.objc; path = GameRoomHeader.m; sourceTree = "<group>"; };
		BF6D252B1A7B7649001F698A /* GameRoomHeader.xib */ = {isa = PBXFileReference; fileEncoding = 4; lastKnownFileType = file.xib; path = GameRoomHeader.xib; sourceTree = "<group>"; };
		BF74DEAB1A88A91C00E8744B /* SPYConnection+Delegate.h */ = {isa = PBXFileReference; fileEncoding = 4; lastKnownFileType = sourcecode.c.h; name = "SPYConnection+Delegate.h"; path = "networking/SPYConnection+Delegate.h"; sourceTree = "<group>"; };
		BF74DEAC1A88A91D00E8744B /* SPYConnection+Delegate.m */ = {isa = PBXFileReference; fileEncoding = 4; lastKnownFileType = sourcecode.c.objc; name = "SPYConnection+Delegate.m"; path = "networking/SPYConnection+Delegate.m"; sourceTree = "<group>"; };
		BF74DEAE1A89DEC400E8744B /* NetWorkingDelegate.h */ = {isa = PBXFileReference; lastKnownFileType = sourcecode.c.h; path = NetWorkingDelegate.h; sourceTree = "<group>"; };
		BF77ACE51A6E4725008CCFB9 /* thespy.app */ = {isa = PBXFileReference; explicitFileType = wrapper.application; includeInIndex = 0; path = thespy.app; sourceTree = BUILT_PRODUCTS_DIR; };
		BF77ACE91A6E4725008CCFB9 /* Info.plist */ = {isa = PBXFileReference; lastKnownFileType = text.plist.xml; path = Info.plist; sourceTree = "<group>"; };
		BF77ACEA1A6E4725008CCFB9 /* main.m */ = {isa = PBXFileReference; lastKnownFileType = sourcecode.c.objc; path = main.m; sourceTree = "<group>"; };
		BF77ACEC1A6E4725008CCFB9 /* AppDelegate.h */ = {isa = PBXFileReference; lastKnownFileType = sourcecode.c.h; path = AppDelegate.h; sourceTree = "<group>"; };
		BF77ACED1A6E4725008CCFB9 /* AppDelegate.m */ = {isa = PBXFileReference; lastKnownFileType = sourcecode.c.objc; path = AppDelegate.m; sourceTree = "<group>"; };
		BF77ACF51A6E4725008CCFB9 /* Images.xcassets */ = {isa = PBXFileReference; lastKnownFileType = folder.assetcatalog; path = Images.xcassets; sourceTree = "<group>"; };
		BF77ACF81A6E4725008CCFB9 /* Base */ = {isa = PBXFileReference; lastKnownFileType = file.xib; name = Base; path = Base.lproj/LaunchScreen.xib; sourceTree = "<group>"; };
		BF77ACFE1A6E4725008CCFB9 /* thespyTests.xctest */ = {isa = PBXFileReference; explicitFileType = wrapper.cfbundle; includeInIndex = 0; path = thespyTests.xctest; sourceTree = BUILT_PRODUCTS_DIR; };
		BF77AD031A6E4725008CCFB9 /* Info.plist */ = {isa = PBXFileReference; lastKnownFileType = text.plist.xml; path = Info.plist; sourceTree = "<group>"; };
		BF77AD041A6E4725008CCFB9 /* thespyTests.m */ = {isa = PBXFileReference; lastKnownFileType = sourcecode.c.objc; path = thespyTests.m; sourceTree = "<group>"; };
		BF77AD1D1A6E47FF008CCFB9 /* ActionView.h */ = {isa = PBXFileReference; fileEncoding = 4; lastKnownFileType = sourcecode.c.h; path = ActionView.h; sourceTree = "<group>"; };
		BF77AD1E1A6E47FF008CCFB9 /* ActionView.m */ = {isa = PBXFileReference; fileEncoding = 4; lastKnownFileType = sourcecode.c.objc; path = ActionView.m; sourceTree = "<group>"; };
		BF77AD201A6E47FF008CCFB9 /* GameInitionView.h */ = {isa = PBXFileReference; fileEncoding = 4; lastKnownFileType = sourcecode.c.h; path = GameInitionView.h; sourceTree = "<group>"; };
		BF77AD211A6E47FF008CCFB9 /* GameInitionView.m */ = {isa = PBXFileReference; fileEncoding = 4; lastKnownFileType = sourcecode.c.objc; path = GameInitionView.m; sourceTree = "<group>"; };
		BF77AD221A6E47FF008CCFB9 /* PlayerBean.h */ = {isa = PBXFileReference; fileEncoding = 4; lastKnownFileType = sourcecode.c.h; path = PlayerBean.h; sourceTree = "<group>"; };
		BF77AD231A6E47FF008CCFB9 /* PlayerBean.m */ = {isa = PBXFileReference; fileEncoding = 4; lastKnownFileType = sourcecode.c.objc; path = PlayerBean.m; sourceTree = "<group>"; };
		BF77AD241A6E47FF008CCFB9 /* PlayerHeader.h */ = {isa = PBXFileReference; fileEncoding = 4; lastKnownFileType = sourcecode.c.h; path = PlayerHeader.h; sourceTree = "<group>"; };
		BF77AD251A6E47FF008CCFB9 /* PlayerHeader.m */ = {isa = PBXFileReference; fileEncoding = 4; lastKnownFileType = sourcecode.c.objc; path = PlayerHeader.m; sourceTree = "<group>"; };
		BF77AD261A6E47FF008CCFB9 /* GameInitionView.xib */ = {isa = PBXFileReference; fileEncoding = 4; lastKnownFileType = file.xib; name = GameInitionView.xib; path = ../GameInitionView.xib; sourceTree = "<group>"; };
		BF77AD271A6E47FF008CCFB9 /* PlayerHeader.xib */ = {isa = PBXFileReference; fileEncoding = 4; lastKnownFileType = file.xib; name = PlayerHeader.xib; path = ../PlayerHeader.xib; sourceTree = "<group>"; };
		BF77AD281A6E47FF008CCFB9 /* PlayerInfoViewController.h */ = {isa = PBXFileReference; fileEncoding = 4; lastKnownFileType = sourcecode.c.h; path = PlayerInfoViewController.h; sourceTree = "<group>"; };
		BF77AD291A6E47FF008CCFB9 /* PlayerInfoViewController.m */ = {isa = PBXFileReference; fileEncoding = 4; lastKnownFileType = sourcecode.c.objc; path = PlayerInfoViewController.m; sourceTree = "<group>"; };
		BF77AD2A1A6E47FF008CCFB9 /* ServerListViewController.h */ = {isa = PBXFileReference; fileEncoding = 4; lastKnownFileType = sourcecode.c.h; path = ServerListViewController.h; sourceTree = "<group>"; };
		BF77AD2B1A6E47FF008CCFB9 /* ServerListViewController.m */ = {isa = PBXFileReference; fileEncoding = 4; lastKnownFileType = sourcecode.c.objc; path = ServerListViewController.m; sourceTree = "<group>"; };
		BF77AD341A6E5484008CCFB9 /* CoreBluetooth.framework */ = {isa = PBXFileReference; lastKnownFileType = wrapper.framework; name = CoreBluetooth.framework; path = System/Library/Frameworks/CoreBluetooth.framework; sourceTree = SDKROOT; };
		BF77AD391A6F808A008CCFB9 /* HistoryListViewController.h */ = {isa = PBXFileReference; fileEncoding = 4; lastKnownFileType = sourcecode.c.h; path = HistoryListViewController.h; sourceTree = "<group>"; };
		BF77AD3A1A6F808A008CCFB9 /* HistoryListViewController.m */ = {isa = PBXFileReference; fileEncoding = 4; lastKnownFileType = sourcecode.c.objc; path = HistoryListViewController.m; sourceTree = "<group>"; };
		BF77AD3C1A6F88F6008CCFB9 /* libsqlite3.dylib */ = {isa = PBXFileReference; lastKnownFileType = "compiled.mach-o.dylib"; name = libsqlite3.dylib; path = usr/lib/libsqlite3.dylib; sourceTree = SDKROOT; };
		BF77AD3F1A6F8A5D008CCFB9 /* GameDB.h */ = {isa = PBXFileReference; fileEncoding = 4; lastKnownFileType = sourcecode.c.h; name = GameDB.h; path = db_sqlit3/GameDB.h; sourceTree = "<group>"; };
		BF77AD401A6F8A5D008CCFB9 /* GameDB.m */ = {isa = PBXFileReference; fileEncoding = 4; lastKnownFileType = sourcecode.c.objc; name = GameDB.m; path = db_sqlit3/GameDB.m; sourceTree = "<group>"; };
		BF77AD421A6F935E008CCFB9 /* GameResult.h */ = {isa = PBXFileReference; fileEncoding = 4; lastKnownFileType = sourcecode.c.h; path = GameResult.h; sourceTree = "<group>"; };
		BF77AD431A6F935E008CCFB9 /* GameResult.m */ = {isa = PBXFileReference; fileEncoding = 4; lastKnownFileType = sourcecode.c.objc; path = GameResult.m; sourceTree = "<group>"; };
		BF77AD451A6FD00C008CCFB9 /* HistoryListCell.h */ = {isa = PBXFileReference; fileEncoding = 4; lastKnownFileType = sourcecode.c.h; path = HistoryListCell.h; sourceTree = "<group>"; };
		BF77AD461A6FD00C008CCFB9 /* HistoryListCell.m */ = {isa = PBXFileReference; fileEncoding = 4; lastKnownFileType = sourcecode.c.objc; path = HistoryListCell.m; sourceTree = "<group>"; };
		BF77AD481A6FD02C008CCFB9 /* HistoryListCell.xib */ = {isa = PBXFileReference; fileEncoding = 4; lastKnownFileType = file.xib; path = HistoryListCell.xib; sourceTree = "<group>"; };
		BF84BC6B1AB13F03007F4F35 /* SPYAlertView.h */ = {isa = PBXFileReference; fileEncoding = 4; lastKnownFileType = sourcecode.c.h; path = SPYAlertView.h; sourceTree = "<group>"; };
		BF84BC6C1AB13F03007F4F35 /* SPYAlertView.m */ = {isa = PBXFileReference; fileEncoding = 4; lastKnownFileType = sourcecode.c.objc; path = SPYAlertView.m; sourceTree = "<group>"; };
		BF8DAD2D1ABBBF4A008EEBCB /* AVFoundation.framework */ = {isa = PBXFileReference; lastKnownFileType = wrapper.framework; name = AVFoundation.framework; path = System/Library/Frameworks/AVFoundation.framework; sourceTree = SDKROOT; };
		BFBA0DB31AAEC6070030D9D4 /* CameraOverlayView.h */ = {isa = PBXFileReference; fileEncoding = 4; lastKnownFileType = sourcecode.c.h; path = CameraOverlayView.h; sourceTree = "<group>"; };
		BFBA0DB41AAEC6070030D9D4 /* CameraOverlayView.m */ = {isa = PBXFileReference; fileEncoding = 4; lastKnownFileType = sourcecode.c.objc; path = CameraOverlayView.m; sourceTree = "<group>"; };
		BFBA0DB61AAEC61E0030D9D4 /* CameraOverlayView.xib */ = {isa = PBXFileReference; fileEncoding = 4; lastKnownFileType = file.xib; path = CameraOverlayView.xib; sourceTree = "<group>"; };
		BFBA0DC01AB01A990030D9D4 /* InfoView.h */ = {isa = PBXFileReference; fileEncoding = 4; lastKnownFileType = sourcecode.c.h; path = InfoView.h; sourceTree = "<group>"; };
		BFBA0DC11AB01A990030D9D4 /* InfoView.m */ = {isa = PBXFileReference; fileEncoding = 4; lastKnownFileType = sourcecode.c.objc; path = InfoView.m; sourceTree = "<group>"; };
		BFBA0DC31AB01AB60030D9D4 /* InfoView.xib */ = {isa = PBXFileReference; fileEncoding = 4; lastKnownFileType = file.xib; path = InfoView.xib; sourceTree = "<group>"; };
		BFD050281A9DD5C10048355E /* words.plist */ = {isa = PBXFileReference; fileEncoding = 4; lastKnownFileType = text.plist.xml; path = words.plist; sourceTree = "<group>"; };
		BFD0502B1A9F12350048355E /* UIWindow+YzdHUD.h */ = {isa = PBXFileReference; fileEncoding = 4; lastKnownFileType = sourcecode.c.h; path = "UIWindow+YzdHUD.h"; sourceTree = "<group>"; };
		BFD0502C1A9F12350048355E /* UIWindow+YzdHUD.m */ = {isa = PBXFileReference; fileEncoding = 4; lastKnownFileType = sourcecode.c.objc; path = "UIWindow+YzdHUD.m"; sourceTree = "<group>"; };
		BFD0502D1A9F12350048355E /* YzdHUDBackgroundView.h */ = {isa = PBXFileReference; fileEncoding = 4; lastKnownFileType = sourcecode.c.h; path = YzdHUDBackgroundView.h; sourceTree = "<group>"; };
		BFD0502E1A9F12350048355E /* YzdHUDBackgroundView.m */ = {isa = PBXFileReference; fileEncoding = 4; lastKnownFileType = sourcecode.c.objc; path = YzdHUDBackgroundView.m; sourceTree = "<group>"; };
		BFD0502F1A9F12350048355E /* YzdHUDImageView.h */ = {isa = PBXFileReference; fileEncoding = 4; lastKnownFileType = sourcecode.c.h; path = YzdHUDImageView.h; sourceTree = "<group>"; };
		BFD050301A9F12350048355E /* YzdHUDImageView.m */ = {isa = PBXFileReference; fileEncoding = 4; lastKnownFileType = sourcecode.c.objc; path = YzdHUDImageView.m; sourceTree = "<group>"; };
		BFD050311A9F12350048355E /* YzdHUDIndicator.h */ = {isa = PBXFileReference; fileEncoding = 4; lastKnownFileType = sourcecode.c.h; path = YzdHUDIndicator.h; sourceTree = "<group>"; };
		BFD050321A9F12350048355E /* YzdHUDIndicator.m */ = {isa = PBXFileReference; fileEncoding = 4; lastKnownFileType = sourcecode.c.objc; path = YzdHUDIndicator.m; sourceTree = "<group>"; };
		BFD050331A9F12350048355E /* YzdHUDLabel.h */ = {isa = PBXFileReference; fileEncoding = 4; lastKnownFileType = sourcecode.c.h; path = YzdHUDLabel.h; sourceTree = "<group>"; };
		BFD050341A9F12350048355E /* YzdHUDLabel.m */ = {isa = PBXFileReference; fileEncoding = 4; lastKnownFileType = sourcecode.c.objc; path = YzdHUDLabel.m; sourceTree = "<group>"; };
		BFFEDA9C1AC91186008F26AC /* PrivacyPolicyView.h */ = {isa = PBXFileReference; fileEncoding = 4; lastKnownFileType = sourcecode.c.h; path = PrivacyPolicyView.h; sourceTree = "<group>"; };
		BFFEDA9D1AC91186008F26AC /* PrivacyPolicyView.m */ = {isa = PBXFileReference; fileEncoding = 4; lastKnownFileType = sourcecode.c.objc; path = PrivacyPolicyView.m; sourceTree = "<group>"; };
		BFFEDA9F1AC9119E008F26AC /* PrivacyPolicyView.xib */ = {isa = PBXFileReference; fileEncoding = 4; lastKnownFileType = file.xib; path = PrivacyPolicyView.xib; sourceTree = "<group>"; };
/* End PBXFileReference section */

/* Begin PBXFrameworksBuildPhase section */
		BF77ACE21A6E4724008CCFB9 /* Frameworks */ = {
			isa = PBXFrameworksBuildPhase;
			buildActionMask = 2147483647;
			files = (
				BF8DAD2E1ABBBF4A008EEBCB /* AVFoundation.framework in Frameworks */,
				BF201FA41A733F0700A571C8 /* MobileCoreServices.framework in Frameworks */,
				BF77AD3D1A6F88F6008CCFB9 /* libsqlite3.dylib in Frameworks */,
			);
			runOnlyForDeploymentPostprocessing = 0;
		};
		BF77ACFB1A6E4725008CCFB9 /* Frameworks */ = {
			isa = PBXFrameworksBuildPhase;
			buildActionMask = 2147483647;
			files = (
			);
			runOnlyForDeploymentPostprocessing = 0;
		};
/* End PBXFrameworksBuildPhase section */

/* Begin PBXGroup section */
		BF3DBC191A77762F00A87FD2 /* files */ = {
			isa = PBXGroup;
			children = (
				BF3DBC1A1A77765300A87FD2 /* SPYFileUtil.h */,
				BF3DBC1B1A77765300A87FD2 /* SPYFileUtil.m */,
			);
			name = files;
			sourceTree = "<group>";
		};
		BF77ACDC1A6E4724008CCFB9 = {
			isa = PBXGroup;
			children = (
				BF201F9E1A71F10900A571C8 /* SpyResource.bundle */,
				BF77AD361A6E54A2008CCFB9 /* Frameworks */,
				BF77ACE71A6E4725008CCFB9 /* thespy */,
				BF77AD011A6E4725008CCFB9 /* thespyTests */,
				BF77ACE61A6E4725008CCFB9 /* Products */,
			);
			sourceTree = "<group>";
		};
		BF77ACE61A6E4725008CCFB9 /* Products */ = {
			isa = PBXGroup;
			children = (
				BF77ACE51A6E4725008CCFB9 /* thespy.app */,
				BF77ACFE1A6E4725008CCFB9 /* thespyTests.xctest */,
			);
			name = Products;
			sourceTree = "<group>";
		};
		BF77ACE71A6E4725008CCFB9 /* thespy */ = {
			isa = PBXGroup;
			children = (
				BFD0502A1A9F12170048355E /* thirdIndicator */,
				BF3DBC191A77762F00A87FD2 /* files */,
				BF77AD4A1A70D48A008CCFB9 /* networking */,
				BF77AD3E1A6F8A2E008CCFB9 /* db_sqlite3 */,
				BF77AD1F1A6E47FF008CCFB9 /* bean */,
				BF77AD281A6E47FF008CCFB9 /* PlayerInfoViewController.h */,
				BF77AD291A6E47FF008CCFB9 /* PlayerInfoViewController.m */,
				BFBA0DC01AB01A990030D9D4 /* InfoView.h */,
				BFBA0DC11AB01A990030D9D4 /* InfoView.m */,
				BFBA0DC31AB01AB60030D9D4 /* InfoView.xib */,
				BF77AD391A6F808A008CCFB9 /* HistoryListViewController.h */,
				BF77AD3A1A6F808A008CCFB9 /* HistoryListViewController.m */,
				BF77AD2A1A6E47FF008CCFB9 /* ServerListViewController.h */,
				BF77AD2B1A6E47FF008CCFB9 /* ServerListViewController.m */,
				BF3DBC011A76277A00A87FD2 /* GameRoomView.h */,
				BF3DBC021A76277A00A87FD2 /* GameRoomView.m */,
				BF3DBC0E1A76449600A87FD2 /* GameRoomSubview.h */,
				BF3DBC0F1A76449600A87FD2 /* GameRoomSubview.m */,
				BF3DBC101A76449600A87FD2 /* GameRoomSubview.xib */,
				BF3D54B51A8CA4C200B4B202 /* GamePlayingViewController.h */,
				BF3D54B61A8CA4C200B4B202 /* GamePlayingViewController.m */,
				BF3D54B71A8CA4C200B4B202 /* GamePlayingViewController.xib */,
				BF77AD1D1A6E47FF008CCFB9 /* ActionView.h */,
				BF77AD1E1A6E47FF008CCFB9 /* ActionView.m */,
				BF77ACEC1A6E4725008CCFB9 /* AppDelegate.h */,
				BF77ACED1A6E4725008CCFB9 /* AppDelegate.m */,
				BF77ACF51A6E4725008CCFB9 /* Images.xcassets */,
				BF77ACF71A6E4725008CCFB9 /* LaunchScreen.xib */,
				BF3DBBFB1A76243500A87FD2 /* Main.storyboard */,
				BF77ACE81A6E4725008CCFB9 /* Supporting Files */,
			);
			path = thespy;
			sourceTree = "<group>";
		};
		BF77ACE81A6E4725008CCFB9 /* Supporting Files */ = {
			isa = PBXGroup;
			children = (
				BFD050281A9DD5C10048355E /* words.plist */,
				BF77ACE91A6E4725008CCFB9 /* Info.plist */,
				BF77ACEA1A6E4725008CCFB9 /* main.m */,
			);
			name = "Supporting Files";
			sourceTree = "<group>";
		};
		BF77AD011A6E4725008CCFB9 /* thespyTests */ = {
			isa = PBXGroup;
			children = (
				BF77AD041A6E4725008CCFB9 /* thespyTests.m */,
				BF77AD021A6E4725008CCFB9 /* Supporting Files */,
			);
			path = thespyTests;
			sourceTree = "<group>";
		};
		BF77AD021A6E4725008CCFB9 /* Supporting Files */ = {
			isa = PBXGroup;
			children = (
				BF77AD031A6E4725008CCFB9 /* Info.plist */,
			);
			name = "Supporting Files";
			sourceTree = "<group>";
		};
		BF77AD1F1A6E47FF008CCFB9 /* bean */ = {
			isa = PBXGroup;
			children = (
				BF77AD201A6E47FF008CCFB9 /* GameInitionView.h */,
				BF77AD211A6E47FF008CCFB9 /* GameInitionView.m */,
				BF77AD261A6E47FF008CCFB9 /* GameInitionView.xib */,
				BF77AD221A6E47FF008CCFB9 /* PlayerBean.h */,
				BF77AD231A6E47FF008CCFB9 /* PlayerBean.m */,
				BF77AD241A6E47FF008CCFB9 /* PlayerHeader.h */,
				BF77AD251A6E47FF008CCFB9 /* PlayerHeader.m */,
				BF77AD271A6E47FF008CCFB9 /* PlayerHeader.xib */,
				BF77AD421A6F935E008CCFB9 /* GameResult.h */,
				BF77AD431A6F935E008CCFB9 /* GameResult.m */,
				BF77AD451A6FD00C008CCFB9 /* HistoryListCell.h */,
				BF77AD461A6FD00C008CCFB9 /* HistoryListCell.m */,
				BF77AD481A6FD02C008CCFB9 /* HistoryListCell.xib */,
				BF341FCF1A7890AA00E5C0FC /* SettingsBoardView.h */,
				BF341FD01A7890AA00E5C0FC /* SettingsBoardView.m */,
				BFBA0DB31AAEC6070030D9D4 /* CameraOverlayView.h */,
				BFBA0DB41AAEC6070030D9D4 /* CameraOverlayView.m */,
				BFBA0DB61AAEC61E0030D9D4 /* CameraOverlayView.xib */,
				BF3DBC041A76350B00A87FD2 /* GameRoomCell.h */,
				BF3DBC051A76350B00A87FD2 /* GameRoomCell.m */,
				BF3DBC071A76351700A87FD2 /* GameRoomCell.xib */,
				BF341FD21A78C28A00E5C0FC /* UIImage+category.h */,
				BF341FD31A78C28A00E5C0FC /* UIImage+category.m */,
				BF6D25281A7B760C001F698A /* GameRoomHeader.h */,
				BF6D25291A7B760C001F698A /* GameRoomHeader.m */,
				BF6D252B1A7B7649001F698A /* GameRoomHeader.xib */,
				BF84BC6B1AB13F03007F4F35 /* SPYAlertView.h */,
				BF84BC6C1AB13F03007F4F35 /* SPYAlertView.m */,
				BFFEDA9C1AC91186008F26AC /* PrivacyPolicyView.h */,
				BFFEDA9D1AC91186008F26AC /* PrivacyPolicyView.m */,
				BFFEDA9F1AC9119E008F26AC /* PrivacyPolicyView.xib */,
			);
			path = bean;
			sourceTree = "<group>";
		};
		BF77AD361A6E54A2008CCFB9 /* Frameworks */ = {
			isa = PBXGroup;
			children = (
				BF8DAD2D1ABBBF4A008EEBCB /* AVFoundation.framework */,
				BF201FA31A733F0700A571C8 /* MobileCoreServices.framework */,
				BF77AD3C1A6F88F6008CCFB9 /* libsqlite3.dylib */,
				BF77AD341A6E5484008CCFB9 /* CoreBluetooth.framework */,
			);
			name = Frameworks;
			sourceTree = "<group>";
		};
		BF77AD3E1A6F8A2E008CCFB9 /* db_sqlite3 */ = {
			isa = PBXGroup;
			children = (
				BF77AD3F1A6F8A5D008CCFB9 /* GameDB.h */,
				BF77AD401A6F8A5D008CCFB9 /* GameDB.m */,
			);
			name = db_sqlite3;
			sourceTree = "<group>";
		};
		BF77AD4A1A70D48A008CCFB9 /* networking */ = {
			isa = PBXGroup;
			children = (
				BF201FA01A72452D00A571C8 /* SPYConnection.h */,
				BF201FA11A72452D00A571C8 /* SPYConnection.m */,
				84018D2D1A7A6AEE00DDF07E /* NSStream+StreamsToHost.h */,
				84018D2E1A7A6AEE00DDF07E /* NSStream+StreamsToHost.m */,
				BF74DEAB1A88A91C00E8744B /* SPYConnection+Delegate.h */,
				BF74DEAC1A88A91D00E8744B /* SPYConnection+Delegate.m */,
				BF74DEAE1A89DEC400E8744B /* NetWorkingDelegate.h */,
			);
			name = networking;
			sourceTree = "<group>";
		};
		BFD0502A1A9F12170048355E /* thirdIndicator */ = {
			isa = PBXGroup;
			children = (
				BFD0502B1A9F12350048355E /* UIWindow+YzdHUD.h */,
				BFD0502C1A9F12350048355E /* UIWindow+YzdHUD.m */,
				BFD0502D1A9F12350048355E /* YzdHUDBackgroundView.h */,
				BFD0502E1A9F12350048355E /* YzdHUDBackgroundView.m */,
				BFD0502F1A9F12350048355E /* YzdHUDImageView.h */,
				BFD050301A9F12350048355E /* YzdHUDImageView.m */,
				BFD050311A9F12350048355E /* YzdHUDIndicator.h */,
				BFD050321A9F12350048355E /* YzdHUDIndicator.m */,
				BFD050331A9F12350048355E /* YzdHUDLabel.h */,
				BFD050341A9F12350048355E /* YzdHUDLabel.m */,
			);
			name = thirdIndicator;
			sourceTree = "<group>";
		};
/* End PBXGroup section */

/* Begin PBXNativeTarget section */
		BF77ACE41A6E4724008CCFB9 /* thespy */ = {
			isa = PBXNativeTarget;
			buildConfigurationList = BF77AD081A6E4725008CCFB9 /* Build configuration list for PBXNativeTarget "thespy" */;
			buildPhases = (
				BF77ACE11A6E4724008CCFB9 /* Sources */,
				BF77ACE21A6E4724008CCFB9 /* Frameworks */,
				BF77ACE31A6E4724008CCFB9 /* Resources */,
			);
			buildRules = (
			);
			dependencies = (
			);
			name = thespy;
			productName = thespy;
			productReference = BF77ACE51A6E4725008CCFB9 /* thespy.app */;
			productType = "com.apple.product-type.application";
		};
		BF77ACFD1A6E4725008CCFB9 /* thespyTests */ = {
			isa = PBXNativeTarget;
			buildConfigurationList = BF77AD0B1A6E4725008CCFB9 /* Build configuration list for PBXNativeTarget "thespyTests" */;
			buildPhases = (
				BF77ACFA1A6E4725008CCFB9 /* Sources */,
				BF77ACFB1A6E4725008CCFB9 /* Frameworks */,
				BF77ACFC1A6E4725008CCFB9 /* Resources */,
			);
			buildRules = (
			);
			dependencies = (
				BF77AD001A6E4725008CCFB9 /* PBXTargetDependency */,
			);
			name = thespyTests;
			productName = thespyTests;
			productReference = BF77ACFE1A6E4725008CCFB9 /* thespyTests.xctest */;
			productType = "com.apple.product-type.bundle.unit-test";
		};
/* End PBXNativeTarget section */

/* Begin PBXProject section */
		BF77ACDD1A6E4724008CCFB9 /* Project object */ = {
			isa = PBXProject;
			attributes = {
				LastUpgradeCheck = 0610;
				ORGANIZATIONNAME = zhaoquan;
				TargetAttributes = {
					BF77ACE41A6E4724008CCFB9 = {
						CreatedOnToolsVersion = 6.1.1;
						DevelopmentTeam = 839QBYS72N;
					};
					BF77ACFD1A6E4725008CCFB9 = {
						CreatedOnToolsVersion = 6.1.1;
						TestTargetID = BF77ACE41A6E4724008CCFB9;
					};
				};
			};
			buildConfigurationList = BF77ACE01A6E4724008CCFB9 /* Build configuration list for PBXProject "thespy" */;
			compatibilityVersion = "Xcode 3.2";
			developmentRegion = English;
			hasScannedForEncodings = 0;
			knownRegions = (
				en,
				Base,
			);
			mainGroup = BF77ACDC1A6E4724008CCFB9;
			productRefGroup = BF77ACE61A6E4725008CCFB9 /* Products */;
			projectDirPath = "";
			projectRoot = "";
			targets = (
				BF77ACE41A6E4724008CCFB9 /* thespy */,
				BF77ACFD1A6E4725008CCFB9 /* thespyTests */,
			);
		};
/* End PBXProject section */

/* Begin PBXResourcesBuildPhase section */
		BF77ACE31A6E4724008CCFB9 /* Resources */ = {
			isa = PBXResourcesBuildPhase;
			buildActionMask = 2147483647;
			files = (
				BFBA0DB71AAEC61E0030D9D4 /* CameraOverlayView.xib in Resources */,
				BF77ACF91A6E4725008CCFB9 /* LaunchScreen.xib in Resources */,
				BFD050291A9DD5C10048355E /* words.plist in Resources */,
				BF3DBBFD1A76243500A87FD2 /* Main.storyboard in Resources */,
				BF3DBC121A76449600A87FD2 /* GameRoomSubview.xib in Resources */,
				BF77ACF61A6E4725008CCFB9 /* Images.xcassets in Resources */,
				BF77AD301A6E47FF008CCFB9 /* GameInitionView.xib in Resources */,
				BF77AD491A6FD02C008CCFB9 /* HistoryListCell.xib in Resources */,
				BF6D252C1A7B7649001F698A /* GameRoomHeader.xib in Resources */,
				BF3DBC081A76351700A87FD2 /* GameRoomCell.xib in Resources */,
				BFBA0DC41AB01AB60030D9D4 /* InfoView.xib in Resources */,
				BFFEDAA01AC9119E008F26AC /* PrivacyPolicyView.xib in Resources */,
				BF77AD311A6E47FF008CCFB9 /* PlayerHeader.xib in Resources */,
				BF201F9F1A71F10900A571C8 /* SpyResource.bundle in Resources */,
				BF3D54B91A8CA4C200B4B202 /* GamePlayingViewController.xib in Resources */,
			);
			runOnlyForDeploymentPostprocessing = 0;
		};
		BF77ACFC1A6E4725008CCFB9 /* Resources */ = {
			isa = PBXResourcesBuildPhase;
			buildActionMask = 2147483647;
			files = (
			);
			runOnlyForDeploymentPostprocessing = 0;
		};
/* End PBXResourcesBuildPhase section */

/* Begin PBXSourcesBuildPhase section */
		BF77ACE11A6E4724008CCFB9 /* Sources */ = {
			isa = PBXSourcesBuildPhase;
			buildActionMask = 2147483647;
			files = (
				BFD050381A9F12350048355E /* YzdHUDIndicator.m in Sources */,
				BF3DBC111A76449600A87FD2 /* GameRoomSubview.m in Sources */,
				BF84BC6D1AB13F03007F4F35 /* SPYAlertView.m in Sources */,
				BF77ACEE1A6E4725008CCFB9 /* AppDelegate.m in Sources */,
				BFD050371A9F12350048355E /* YzdHUDImageView.m in Sources */,
				BF74DEAD1A88A91D00E8744B /* SPYConnection+Delegate.m in Sources */,
				BF3DBC1C1A77765300A87FD2 /* SPYFileUtil.m in Sources */,
				BF341FD11A7890AA00E5C0FC /* SettingsBoardView.m in Sources */,
				BF6D252A1A7B760C001F698A /* GameRoomHeader.m in Sources */,
				BFBA0DC21AB01A990030D9D4 /* InfoView.m in Sources */,
				BF77AD2F1A6E47FF008CCFB9 /* PlayerHeader.m in Sources */,
				BF77AD471A6FD00C008CCFB9 /* HistoryListCell.m in Sources */,
				BF3D54B81A8CA4C200B4B202 /* GamePlayingViewController.m in Sources */,
				BF3DBC031A76277A00A87FD2 /* GameRoomView.m in Sources */,
				BF77AD441A6F935E008CCFB9 /* GameResult.m in Sources */,
				BF77AD3B1A6F808A008CCFB9 /* HistoryListViewController.m in Sources */,
				84018D2F1A7A6AEE00DDF07E /* NSStream+StreamsToHost.m in Sources */,
				BF77AD2C1A6E47FF008CCFB9 /* ActionView.m in Sources */,
				BF77ACEB1A6E4725008CCFB9 /* main.m in Sources */,
				BFD050351A9F12350048355E /* UIWindow+YzdHUD.m in Sources */,
				BFD050361A9F12350048355E /* YzdHUDBackgroundView.m in Sources */,
				BF77AD411A6F8A5D008CCFB9 /* GameDB.m in Sources */,
				BFD050391A9F12350048355E /* YzdHUDLabel.m in Sources */,
				BFFEDA9E1AC91186008F26AC /* PrivacyPolicyView.m in Sources */,
				BF77AD2E1A6E47FF008CCFB9 /* PlayerBean.m in Sources */,
				BF341FD41A78C28A00E5C0FC /* UIImage+category.m in Sources */,
				BF77AD331A6E47FF008CCFB9 /* ServerListViewController.m in Sources */,
				BFBA0DB51AAEC6070030D9D4 /* CameraOverlayView.m in Sources */,
				BF3DBC061A76350B00A87FD2 /* GameRoomCell.m in Sources */,
				BF77AD321A6E47FF008CCFB9 /* PlayerInfoViewController.m in Sources */,
				BF77AD2D1A6E47FF008CCFB9 /* GameInitionView.m in Sources */,
				BF201FA21A72452D00A571C8 /* SPYConnection.m in Sources */,
			);
			runOnlyForDeploymentPostprocessing = 0;
		};
		BF77ACFA1A6E4725008CCFB9 /* Sources */ = {
			isa = PBXSourcesBuildPhase;
			buildActionMask = 2147483647;
			files = (
				BF77AD051A6E4725008CCFB9 /* thespyTests.m in Sources */,
			);
			runOnlyForDeploymentPostprocessing = 0;
		};
/* End PBXSourcesBuildPhase section */

/* Begin PBXTargetDependency section */
		BF77AD001A6E4725008CCFB9 /* PBXTargetDependency */ = {
			isa = PBXTargetDependency;
			target = BF77ACE41A6E4724008CCFB9 /* thespy */;
			targetProxy = BF77ACFF1A6E4725008CCFB9 /* PBXContainerItemProxy */;
		};
/* End PBXTargetDependency section */

/* Begin PBXVariantGroup section */
		BF3DBBFB1A76243500A87FD2 /* Main.storyboard */ = {
			isa = PBXVariantGroup;
			children = (
				BF3DBBFC1A76243500A87FD2 /* Base */,
			);
			name = Main.storyboard;
			sourceTree = "<group>";
		};
		BF77ACF71A6E4725008CCFB9 /* LaunchScreen.xib */ = {
			isa = PBXVariantGroup;
			children = (
				BF77ACF81A6E4725008CCFB9 /* Base */,
			);
			name = LaunchScreen.xib;
			sourceTree = "<group>";
		};
/* End PBXVariantGroup section */

/* Begin XCBuildConfiguration section */
		BF77AD061A6E4725008CCFB9 /* Debug */ = {
			isa = XCBuildConfiguration;
			buildSettings = {
				ALWAYS_SEARCH_USER_PATHS = NO;
				CLANG_CXX_LANGUAGE_STANDARD = "gnu++0x";
				CLANG_CXX_LIBRARY = "libc++";
				CLANG_ENABLE_MODULES = YES;
				CLANG_ENABLE_OBJC_ARC = YES;
				CLANG_WARN_BOOL_CONVERSION = YES;
				CLANG_WARN_CONSTANT_CONVERSION = YES;
				CLANG_WARN_DIRECT_OBJC_ISA_USAGE = YES_ERROR;
				CLANG_WARN_EMPTY_BODY = YES;
				CLANG_WARN_ENUM_CONVERSION = YES;
				CLANG_WARN_INT_CONVERSION = YES;
				CLANG_WARN_OBJC_ROOT_CLASS = YES_ERROR;
				CLANG_WARN_UNREACHABLE_CODE = YES;
				CLANG_WARN__DUPLICATE_METHOD_MATCH = YES;
				CODE_SIGN_IDENTITY = "iPhone Distribution: Quan Zhao (839QBYS72N)";
				"CODE_SIGN_IDENTITY[sdk=iphoneos*]" = "iPhone Distribution: Quan Zhao (839QBYS72N)";
				COPY_PHASE_STRIP = NO;
				ENABLE_STRICT_OBJC_MSGSEND = YES;
				GCC_C_LANGUAGE_STANDARD = gnu99;
				GCC_DYNAMIC_NO_PIC = NO;
				GCC_OPTIMIZATION_LEVEL = 0;
				GCC_PREPROCESSOR_DEFINITIONS = (
					"DEBUG=1",
					"$(inherited)",
				);
				GCC_SYMBOLS_PRIVATE_EXTERN = NO;
				GCC_WARN_64_TO_32_BIT_CONVERSION = YES;
				GCC_WARN_ABOUT_RETURN_TYPE = YES_ERROR;
				GCC_WARN_UNDECLARED_SELECTOR = YES;
				GCC_WARN_UNINITIALIZED_AUTOS = YES_AGGRESSIVE;
				GCC_WARN_UNUSED_FUNCTION = YES;
				GCC_WARN_UNUSED_VARIABLE = YES;
				IPHONEOS_DEPLOYMENT_TARGET = 8.1;
				MTL_ENABLE_DEBUG_INFO = YES;
				ONLY_ACTIVE_ARCH = NO;
				SDKROOT = iphoneos;
			};
			name = Debug;
		};
		BF77AD071A6E4725008CCFB9 /* Release */ = {
			isa = XCBuildConfiguration;
			buildSettings = {
				ALWAYS_SEARCH_USER_PATHS = NO;
				CLANG_CXX_LANGUAGE_STANDARD = "gnu++0x";
				CLANG_CXX_LIBRARY = "libc++";
				CLANG_ENABLE_MODULES = YES;
				CLANG_ENABLE_OBJC_ARC = YES;
				CLANG_WARN_BOOL_CONVERSION = YES;
				CLANG_WARN_CONSTANT_CONVERSION = YES;
				CLANG_WARN_DIRECT_OBJC_ISA_USAGE = YES_ERROR;
				CLANG_WARN_EMPTY_BODY = YES;
				CLANG_WARN_ENUM_CONVERSION = YES;
				CLANG_WARN_INT_CONVERSION = YES;
				CLANG_WARN_OBJC_ROOT_CLASS = YES_ERROR;
				CLANG_WARN_UNREACHABLE_CODE = YES;
				CLANG_WARN__DUPLICATE_METHOD_MATCH = YES;
				CODE_SIGN_IDENTITY = "iPhone Distribution: Quan Zhao (839QBYS72N)";
				"CODE_SIGN_IDENTITY[sdk=iphoneos*]" = "iPhone Distribution: Quan Zhao (839QBYS72N)";
				COPY_PHASE_STRIP = YES;
				ENABLE_NS_ASSERTIONS = NO;
				ENABLE_STRICT_OBJC_MSGSEND = YES;
				GCC_C_LANGUAGE_STANDARD = gnu99;
				GCC_WARN_64_TO_32_BIT_CONVERSION = YES;
				GCC_WARN_ABOUT_RETURN_TYPE = YES_ERROR;
				GCC_WARN_UNDECLARED_SELECTOR = YES;
				GCC_WARN_UNINITIALIZED_AUTOS = YES_AGGRESSIVE;
				GCC_WARN_UNUSED_FUNCTION = YES;
				GCC_WARN_UNUSED_VARIABLE = YES;
				IPHONEOS_DEPLOYMENT_TARGET = 8.1;
				MTL_ENABLE_DEBUG_INFO = NO;
				ONLY_ACTIVE_ARCH = NO;
				SDKROOT = iphoneos;
				VALIDATE_PRODUCT = YES;
			};
			name = Release;
		};
		BF77AD091A6E4725008CCFB9 /* Debug */ = {
			isa = XCBuildConfiguration;
			buildSettings = {
				ASSETCATALOG_COMPILER_APPICON_NAME = AppIcon;
				ASSETCATALOG_COMPILER_LAUNCHIMAGE_NAME = LaunchImage;
				CODE_SIGN_IDENTITY = "iPhone Distribution: Quan Zhao (839QBYS72N)";
				"CODE_SIGN_IDENTITY[sdk=iphoneos*]" = "iPhone Developer";
				INFOPLIST_FILE = thespy/Info.plist;
				IPHONEOS_DEPLOYMENT_TARGET = 7.0;
				LD_RUNPATH_SEARCH_PATHS = "$(inherited) @executable_path/Frameworks";
				New_Setting = "";
				PRODUCT_NAME = "$(TARGET_NAME)";
				PROVISIONING_PROFILE = "1b486be9-6b65-473c-8d5a-51ce05041ee6";
				TARGETED_DEVICE_FAMILY = 1;
			};
			name = Debug;
		};
		BF77AD0A1A6E4725008CCFB9 /* Release */ = {
			isa = XCBuildConfiguration;
			buildSettings = {
				ASSETCATALOG_COMPILER_APPICON_NAME = AppIcon;
				ASSETCATALOG_COMPILER_LAUNCHIMAGE_NAME = LaunchImage;
				CODE_SIGN_IDENTITY = "iPhone Distribution: Quan Zhao (839QBYS72N)";
				"CODE_SIGN_IDENTITY[sdk=iphoneos*]" = "iPhone Developer";
				INFOPLIST_FILE = thespy/Info.plist;
				IPHONEOS_DEPLOYMENT_TARGET = 7.0;
				LD_RUNPATH_SEARCH_PATHS = "$(inherited) @executable_path/Frameworks";
				New_Setting = "";
				PRODUCT_NAME = "$(TARGET_NAME)";
				PROVISIONING_PROFILE = "1b486be9-6b65-473c-8d5a-51ce05041ee6";
				TARGETED_DEVICE_FAMILY = 1;
			};
			name = Release;
		};
		BF77AD0C1A6E4725008CCFB9 /* Debug */ = {
			isa = XCBuildConfiguration;
			buildSettings = {
				BUNDLE_LOADER = "$(TEST_HOST)";
				FRAMEWORK_SEARCH_PATHS = (
					"$(SDKROOT)/Developer/Library/Frameworks",
					"$(inherited)",
				);
				GCC_PREPROCESSOR_DEFINITIONS = (
					"DEBUG=1",
					"$(inherited)",
				);
				INFOPLIST_FILE = thespyTests/Info.plist;
				LD_RUNPATH_SEARCH_PATHS = "$(inherited) @executable_path/Frameworks @loader_path/Frameworks";
				PRODUCT_NAME = "$(TARGET_NAME)";
				TEST_HOST = "$(BUILT_PRODUCTS_DIR)/thespy.app/thespy";
			};
			name = Debug;
		};
		BF77AD0D1A6E4725008CCFB9 /* Release */ = {
			isa = XCBuildConfiguration;
			buildSettings = {
				BUNDLE_LOADER = "$(TEST_HOST)";
				FRAMEWORK_SEARCH_PATHS = (
					"$(SDKROOT)/Developer/Library/Frameworks",
					"$(inherited)",
				);
				INFOPLIST_FILE = thespyTests/Info.plist;
				LD_RUNPATH_SEARCH_PATHS = "$(inherited) @executable_path/Frameworks @loader_path/Frameworks";
				PRODUCT_NAME = "$(TARGET_NAME)";
				TEST_HOST = "$(BUILT_PRODUCTS_DIR)/thespy.app/thespy";
			};
			name = Release;
		};
/* End XCBuildConfiguration section */

/* Begin XCConfigurationList section */
		BF77ACE01A6E4724008CCFB9 /* Build configuration list for PBXProject "thespy" */ = {
			isa = XCConfigurationList;
			buildConfigurations = (
				BF77AD061A6E4725008CCFB9 /* Debug */,
				BF77AD071A6E4725008CCFB9 /* Release */,
			);
			defaultConfigurationIsVisible = 0;
			defaultConfigurationName = Release;
		};
		BF77AD081A6E4725008CCFB9 /* Build configuration list for PBXNativeTarget "thespy" */ = {
			isa = XCConfigurationList;
			buildConfigurations = (
				BF77AD091A6E4725008CCFB9 /* Debug */,
				BF77AD0A1A6E4725008CCFB9 /* Release */,
			);
			defaultConfigurationIsVisible = 0;
			defaultConfigurationName = Release;
		};
		BF77AD0B1A6E4725008CCFB9 /* Build configuration list for PBXNativeTarget "thespyTests" */ = {
			isa = XCConfigurationList;
			buildConfigurations = (
				BF77AD0C1A6E4725008CCFB9 /* Debug */,
				BF77AD0D1A6E4725008CCFB9 /* Release */,
			);
			defaultConfigurationIsVisible = 0;
			defaultConfigurationName = Release;
		};
/* End XCConfigurationList section */
	};
	rootObject = BF77ACDD1A6E4724008CCFB9 /* Project object */;
}
