// !$*UTF8*$!
{
	archiveVersion = 1;
	classes = {
	};
	objectVersion = 46;
	objects = {

/* Begin PBXBuildFile section */
		BF201F9F1A71F10900A571C8 /* SpyResource.bundle in Resources */ = {isa = PBXBuildFile; fileRef = BF201F9E1A71F10900A571C8 /* SpyResource.bundle */; };
		BF201FA21A72452D00A571C8 /* SPYConnection.m in Sources */ = {isa = PBXBuildFile; fileRef = BF201FA11A72452D00A571C8 /* SPYConnection.m */; };
		BF201FA41A733F0700A571C8 /* MobileCoreServices.framework in Frameworks */ = {isa = PBXBuildFile; fileRef = BF201FA31A733F0700A571C8 /* MobileCoreServices.framework */; };
		BF3DBBFD1A76243500A87FD2 /* Main.storyboard in Resources */ = {isa = PBXBuildFile; fileRef = BF3DBBFB1A76243500A87FD2 /* Main.storyboard */; };
		BF3DBC031A76277A00A87FD2 /* GameRoomView.m in Sources */ = {isa = PBXBuildFile; fileRef = BF3DBC021A76277A00A87FD2 /* GameRoomView.m */; };
		BF3DBC061A76350B00A87FD2 /* GameRoomCell.m in Sources */ = {isa = PBXBuildFile; fileRef = BF3DBC051A76350B00A87FD2 /* GameRoomCell.m */; };
		BF3DBC081A76351700A87FD2 /* GameRoomCell.xib in Resources */ = {isa = PBXBuildFile; fileRef = BF3DBC071A76351700A87FD2 /* GameRoomCell.xib */; };
		BF3DBC111A76449600A87FD2 /* GameRoomSubview.m in Sources */ = {isa = PBXBuildFile; fileRef = BF3DBC0F1A76449600A87FD2 /* GameRoomSubview.m */; };
		BF3DBC121A76449600A87FD2 /* GameRoomSubview.xib in Resources */ = {isa = PBXBuildFile; fileRef = BF3DBC101A76449600A87FD2 /* GameRoomSubview.xib */; };
		BF3DBC1C1A77765300A87FD2 /* SPYFileUtil.m in Sources */ = {isa = PBXBuildFile; fileRef = BF3DBC1B1A77765300A87FD2 /* SPYFileUtil.m */; };
		BF77ACEB1A6E4725008CCFB9 /* main.m in Sources */ = {isa = PBXBuildFile; fileRef = BF77ACEA1A6E4725008CCFB9 /* main.m */; };
		BF77ACEE1A6E4725008CCFB9 /* AppDelegate.m in Sources */ = {isa = PBXBuildFile; fileRef = BF77ACED1A6E4725008CCFB9 /* AppDelegate.m */; };
		BF77ACF61A6E4725008CCFB9 /* Images.xcassets in Resources */ = {isa = PBXBuildFile; fileRef = BF77ACF51A6E4725008CCFB9 /* Images.xcassets */; };
		BF77ACF91A6E4725008CCFB9 /* LaunchScreen.xib in Resources */ = {isa = PBXBuildFile; fileRef = BF77ACF71A6E4725008CCFB9 /* LaunchScreen.xib */; };
		BF77AD051A6E4725008CCFB9 /* thespyTests.m in Sources */ = {isa = PBXBuildFile; fileRef = BF77AD041A6E4725008CCFB9 /* thespyTests.m */; };
		BF77AD2C1A6E47FF008CCFB9 /* ActionView.m in Sources */ = {isa = PBXBuildFile; fileRef = BF77AD1E1A6E47FF008CCFB9 /* ActionView.m */; };
		BF77AD2D1A6E47FF008CCFB9 /* GameInitionView.m in Sources */ = {isa = PBXBuildFile; fileRef = BF77AD211A6E47FF008CCFB9 /* GameInitionView.m */; };
		BF77AD2E1A6E47FF008CCFB9 /* PlayerBean.m in Sources */ = {isa = PBXBuildFile; fileRef = BF77AD231A6E47FF008CCFB9 /* PlayerBean.m */; };
		BF77AD2F1A6E47FF008CCFB9 /* PlayerHeader.m in Sources */ = {isa = PBXBuildFile; fileRef = BF77AD251A6E47FF008CCFB9 /* PlayerHeader.m */; };
		BF77AD301A6E47FF008CCFB9 /* GameInitionView.xib in Resources */ = {isa = PBXBuildFile; fileRef = BF77AD261A6E47FF008CCFB9 /* GameInitionView.xib */; };
		BF77AD311A6E47FF008CCFB9 /* PlayerHeader.xib in Resources */ = {isa = PBXBuildFile; fileRef = BF77AD271A6E47FF008CCFB9 /* PlayerHeader.xib */; };
		BF77AD321A6E47FF008CCFB9 /* PlayerInfoViewController.m in Sources */ = {isa = PBXBuildFile; fileRef = BF77AD291A6E47FF008CCFB9 /* PlayerInfoViewController.m */; };
		BF77AD331A6E47FF008CCFB9 /* PlayerListViewController.m in Sources */ = {isa = PBXBuildFile; fileRef = BF77AD2B1A6E47FF008CCFB9 /* PlayerListViewController.m */; };
		BF77AD351A6E5484008CCFB9 /* CoreBluetooth.framework in Frameworks */ = {isa = PBXBuildFile; fileRef = BF77AD341A6E5484008CCFB9 /* CoreBluetooth.framework */; };
		BF77AD3B1A6F808A008CCFB9 /* HistoryListViewController.m in Sources */ = {isa = PBXBuildFile; fileRef = BF77AD3A1A6F808A008CCFB9 /* HistoryListViewController.m */; };
		BF77AD3D1A6F88F6008CCFB9 /* libsqlite3.dylib in Frameworks */ = {isa = PBXBuildFile; fileRef = BF77AD3C1A6F88F6008CCFB9 /* libsqlite3.dylib */; };
		BF77AD411A6F8A5D008CCFB9 /* GameDB.m in Sources */ = {isa = PBXBuildFile; fileRef = BF77AD401A6F8A5D008CCFB9 /* GameDB.m */; };
		BF77AD441A6F935E008CCFB9 /* GameResult.m in Sources */ = {isa = PBXBuildFile; fileRef = BF77AD431A6F935E008CCFB9 /* GameResult.m */; };
		BF77AD471A6FD00C008CCFB9 /* HistoryListCell.m in Sources */ = {isa = PBXBuildFile; fileRef = BF77AD461A6FD00C008CCFB9 /* HistoryListCell.m */; };
		BF77AD491A6FD02C008CCFB9 /* HistoryListCell.xib in Resources */ = {isa = PBXBuildFile; fileRef = BF77AD481A6FD02C008CCFB9 /* HistoryListCell.xib */; };
		BF77AD4D1A70D8DD008CCFB9 /* SPYService.m in Sources */ = {isa = PBXBuildFile; fileRef = BF77AD4C1A70D8DD008CCFB9 /* SPYService.m */; };
		BF77AD501A70E593008CCFB9 /* SPYServiceBrowser.m in Sources */ = {isa = PBXBuildFile; fileRef = BF77AD4F1A70E593008CCFB9 /* SPYServiceBrowser.m */; };
		BFC3B2B31A736FC0001FB912 /* SettingsView.m in Sources */ = {isa = PBXBuildFile; fileRef = BFC3B2B21A736FC0001FB912 /* SettingsView.m */; };
		BFC3B2BC1A738C49001FB912 /* SettingsView.xib in Resources */ = {isa = PBXBuildFile; fileRef = BFC3B2BB1A738C49001FB912 /* SettingsView.xib */; };
/* End PBXBuildFile section */

/* Begin PBXContainerItemProxy section */
		BF77ACFF1A6E4725008CCFB9 /* PBXContainerItemProxy */ = {
			isa = PBXContainerItemProxy;
			containerPortal = BF77ACDD1A6E4724008CCFB9 /* Project object */;
			proxyType = 1;
			remoteGlobalIDString = BF77ACE41A6E4724008CCFB9;
			remoteInfo = thespy;
		};
/* End PBXContainerItemProxy section */

/* Begin PBXFileReference section */
		BF201F9E1A71F10900A571C8 /* SpyResource.bundle */ = {isa = PBXFileReference; lastKnownFileType = "wrapper.plug-in"; name = SpyResource.bundle; path = thespy/SpyResource.bundle; sourceTree = "<group>"; };
		BF201FA01A72452D00A571C8 /* SPYConnection.h */ = {isa = PBXFileReference; fileEncoding = 4; lastKnownFileType = sourcecode.c.h; name = SPYConnection.h; path = networking/SPYConnection.h; sourceTree = "<group>"; };
		BF201FA11A72452D00A571C8 /* SPYConnection.m */ = {isa = PBXFileReference; fileEncoding = 4; lastKnownFileType = sourcecode.c.objc; name = SPYConnection.m; path = networking/SPYConnection.m; sourceTree = "<group>"; };
		BF201FA31A733F0700A571C8 /* MobileCoreServices.framework */ = {isa = PBXFileReference; lastKnownFileType = wrapper.framework; name = MobileCoreServices.framework; path = System/Library/Frameworks/MobileCoreServices.framework; sourceTree = SDKROOT; };
		BF3DBBFC1A76243500A87FD2 /* Base */ = {isa = PBXFileReference; lastKnownFileType = file.storyboard; name = Base; path = Base.lproj/Main.storyboard; sourceTree = "<group>"; };
		BF3DBC011A76277A00A87FD2 /* GameRoomView.h */ = {isa = PBXFileReference; fileEncoding = 4; lastKnownFileType = sourcecode.c.h; path = GameRoomView.h; sourceTree = "<group>"; };
		BF3DBC021A76277A00A87FD2 /* GameRoomView.m */ = {isa = PBXFileReference; fileEncoding = 4; lastKnownFileType = sourcecode.c.objc; path = GameRoomView.m; sourceTree = "<group>"; };
		BF3DBC041A76350B00A87FD2 /* GameRoomCell.h */ = {isa = PBXFileReference; fileEncoding = 4; lastKnownFileType = sourcecode.c.h; path = GameRoomCell.h; sourceTree = "<group>"; };
		BF3DBC051A76350B00A87FD2 /* GameRoomCell.m */ = {isa = PBXFileReference; fileEncoding = 4; lastKnownFileType = sourcecode.c.objc; path = GameRoomCell.m; sourceTree = "<group>"; };
		BF3DBC071A76351700A87FD2 /* GameRoomCell.xib */ = {isa = PBXFileReference; fileEncoding = 4; lastKnownFileType = file.xib; path = GameRoomCell.xib; sourceTree = "<group>"; };
		BF3DBC0E1A76449600A87FD2 /* GameRoomSubview.h */ = {isa = PBXFileReference; fileEncoding = 4; lastKnownFileType = sourcecode.c.h; path = GameRoomSubview.h; sourceTree = "<group>"; };
		BF3DBC0F1A76449600A87FD2 /* GameRoomSubview.m */ = {isa = PBXFileReference; fileEncoding = 4; lastKnownFileType = sourcecode.c.objc; path = GameRoomSubview.m; sourceTree = "<group>"; };
		BF3DBC101A76449600A87FD2 /* GameRoomSubview.xib */ = {isa = PBXFileReference; fileEncoding = 4; lastKnownFileType = file.xib; path = GameRoomSubview.xib; sourceTree = "<group>"; };
		BF3DBC1A1A77765300A87FD2 /* SPYFileUtil.h */ = {isa = PBXFileReference; fileEncoding = 4; lastKnownFileType = sourcecode.c.h; name = SPYFileUtil.h; path = files/SPYFileUtil.h; sourceTree = "<group>"; };
		BF3DBC1B1A77765300A87FD2 /* SPYFileUtil.m */ = {isa = PBXFileReference; fileEncoding = 4; lastKnownFileType = sourcecode.c.objc; name = SPYFileUtil.m; path = files/SPYFileUtil.m; sourceTree = "<group>"; };
		BF77ACE51A6E4725008CCFB9 /* thespy.app */ = {isa = PBXFileReference; explicitFileType = wrapper.application; includeInIndex = 0; path = thespy.app; sourceTree = BUILT_PRODUCTS_DIR; };
		BF77ACE91A6E4725008CCFB9 /* Info.plist */ = {isa = PBXFileReference; lastKnownFileType = text.plist.xml; path = Info.plist; sourceTree = "<group>"; };
		BF77ACEA1A6E4725008CCFB9 /* main.m */ = {isa = PBXFileReference; lastKnownFileType = sourcecode.c.objc; path = main.m; sourceTree = "<group>"; };
		BF77ACEC1A6E4725008CCFB9 /* AppDelegate.h */ = {isa = PBXFileReference; lastKnownFileType = sourcecode.c.h; path = AppDelegate.h; sourceTree = "<group>"; };
		BF77ACED1A6E4725008CCFB9 /* AppDelegate.m */ = {isa = PBXFileReference; lastKnownFileType = sourcecode.c.objc; path = AppDelegate.m; sourceTree = "<group>"; };
		BF77ACF51A6E4725008CCFB9 /* Images.xcassets */ = {isa = PBXFileReference; lastKnownFileType = folder.assetcatalog; path = Images.xcassets; sourceTree = "<group>"; };
		BF77ACF81A6E4725008CCFB9 /* Base */ = {isa = PBXFileReference; lastKnownFileType = file.xib; name = Base; path = Base.lproj/LaunchScreen.xib; sourceTree = "<group>"; };
		BF77ACFE1A6E4725008CCFB9 /* thespyTests.xctest */ = {isa = PBXFileReference; explicitFileType = wrapper.cfbundle; includeInIndex = 0; path = thespyTests.xctest; sourceTree = BUILT_PRODUCTS_DIR; };
		BF77AD031A6E4725008CCFB9 /* Info.plist */ = {isa = PBXFileReference; lastKnownFileType = text.plist.xml; path = Info.plist; sourceTree = "<group>"; };
		BF77AD041A6E4725008CCFB9 /* thespyTests.m */ = {isa = PBXFileReference; lastKnownFileType = sourcecode.c.objc; path = thespyTests.m; sourceTree = "<group>"; };
		BF77AD1D1A6E47FF008CCFB9 /* ActionView.h */ = {isa = PBXFileReference; fileEncoding = 4; lastKnownFileType = sourcecode.c.h; path = ActionView.h; sourceTree = "<group>"; };
		BF77AD1E1A6E47FF008CCFB9 /* ActionView.m */ = {isa = PBXFileReference; fileEncoding = 4; lastKnownFileType = sourcecode.c.objc; path = ActionView.m; sourceTree = "<group>"; };
		BF77AD201A6E47FF008CCFB9 /* GameInitionView.h */ = {isa = PBXFileReference; fileEncoding = 4; lastKnownFileType = sourcecode.c.h; path = GameInitionView.h; sourceTree = "<group>"; };
		BF77AD211A6E47FF008CCFB9 /* GameInitionView.m */ = {isa = PBXFileReference; fileEncoding = 4; lastKnownFileType = sourcecode.c.objc; path = GameInitionView.m; sourceTree = "<group>"; };
		BF77AD221A6E47FF008CCFB9 /* PlayerBean.h */ = {isa = PBXFileReference; fileEncoding = 4; lastKnownFileType = sourcecode.c.h; path = PlayerBean.h; sourceTree = "<group>"; };
		BF77AD231A6E47FF008CCFB9 /* PlayerBean.m */ = {isa = PBXFileReference; fileEncoding = 4; lastKnownFileType = sourcecode.c.objc; path = PlayerBean.m; sourceTree = "<group>"; };
		BF77AD241A6E47FF008CCFB9 /* PlayerHeader.h */ = {isa = PBXFileReference; fileEncoding = 4; lastKnownFileType = sourcecode.c.h; path = PlayerHeader.h; sourceTree = "<group>"; };
		BF77AD251A6E47FF008CCFB9 /* PlayerHeader.m */ = {isa = PBXFileReference; fileEncoding = 4; lastKnownFileType = sourcecode.c.objc; path = PlayerHeader.m; sourceTree = "<group>"; };
		BF77AD261A6E47FF008CCFB9 /* GameInitionView.xib */ = {isa = PBXFileReference; fileEncoding = 4; lastKnownFileType = file.xib; name = GameInitionView.xib; path = ../GameInitionView.xib; sourceTree = "<group>"; };
		BF77AD271A6E47FF008CCFB9 /* PlayerHeader.xib */ = {isa = PBXFileReference; fileEncoding = 4; lastKnownFileType = file.xib; name = PlayerHeader.xib; path = ../PlayerHeader.xib; sourceTree = "<group>"; };
		BF77AD281A6E47FF008CCFB9 /* PlayerInfoViewController.h */ = {isa = PBXFileReference; fileEncoding = 4; lastKnownFileType = sourcecode.c.h; path = PlayerInfoViewController.h; sourceTree = "<group>"; };
		BF77AD291A6E47FF008CCFB9 /* PlayerInfoViewController.m */ = {isa = PBXFileReference; fileEncoding = 4; lastKnownFileType = sourcecode.c.objc; path = PlayerInfoViewController.m; sourceTree = "<group>"; };
		BF77AD2A1A6E47FF008CCFB9 /* PlayerListViewController.h */ = {isa = PBXFileReference; fileEncoding = 4; lastKnownFileType = sourcecode.c.h; path = PlayerListViewController.h; sourceTree = "<group>"; };
		BF77AD2B1A6E47FF008CCFB9 /* PlayerListViewController.m */ = {isa = PBXFileReference; fileEncoding = 4; lastKnownFileType = sourcecode.c.objc; path = PlayerListViewController.m; sourceTree = "<group>"; };
		BF77AD341A6E5484008CCFB9 /* CoreBluetooth.framework */ = {isa = PBXFileReference; lastKnownFileType = wrapper.framework; name = CoreBluetooth.framework; path = System/Library/Frameworks/CoreBluetooth.framework; sourceTree = SDKROOT; };
		BF77AD391A6F808A008CCFB9 /* HistoryListViewController.h */ = {isa = PBXFileReference; fileEncoding = 4; lastKnownFileType = sourcecode.c.h; path = HistoryListViewController.h; sourceTree = "<group>"; };
		BF77AD3A1A6F808A008CCFB9 /* HistoryListViewController.m */ = {isa = PBXFileReference; fileEncoding = 4; lastKnownFileType = sourcecode.c.objc; path = HistoryListViewController.m; sourceTree = "<group>"; };
		BF77AD3C1A6F88F6008CCFB9 /* libsqlite3.dylib */ = {isa = PBXFileReference; lastKnownFileType = "compiled.mach-o.dylib"; name = libsqlite3.dylib; path = usr/lib/libsqlite3.dylib; sourceTree = SDKROOT; };
		BF77AD3F1A6F8A5D008CCFB9 /* GameDB.h */ = {isa = PBXFileReference; fileEncoding = 4; lastKnownFileType = sourcecode.c.h; name = GameDB.h; path = db_sqlit3/GameDB.h; sourceTree = "<group>"; };
		BF77AD401A6F8A5D008CCFB9 /* GameDB.m */ = {isa = PBXFileReference; fileEncoding = 4; lastKnownFileType = sourcecode.c.objc; name = GameDB.m; path = db_sqlit3/GameDB.m; sourceTree = "<group>"; };
		BF77AD421A6F935E008CCFB9 /* GameResult.h */ = {isa = PBXFileReference; fileEncoding = 4; lastKnownFileType = sourcecode.c.h; path = GameResult.h; sourceTree = "<group>"; };
		BF77AD431A6F935E008CCFB9 /* GameResult.m */ = {isa = PBXFileReference; fileEncoding = 4; lastKnownFileType = sourcecode.c.objc; path = GameResult.m; sourceTree = "<group>"; };
		BF77AD451A6FD00C008CCFB9 /* HistoryListCell.h */ = {isa = PBXFileReference; fileEncoding = 4; lastKnownFileType = sourcecode.c.h; path = HistoryListCell.h; sourceTree = "<group>"; };
		BF77AD461A6FD00C008CCFB9 /* HistoryListCell.m */ = {isa = PBXFileReference; fileEncoding = 4; lastKnownFileType = sourcecode.c.objc; path = HistoryListCell.m; sourceTree = "<group>"; };
		BF77AD481A6FD02C008CCFB9 /* HistoryListCell.xib */ = {isa = PBXFileReference; fileEncoding = 4; lastKnownFileType = file.xib; path = HistoryListCell.xib; sourceTree = "<group>"; };
		BF77AD4B1A70D8DD008CCFB9 /* SPYService.h */ = {isa = PBXFileReference; fileEncoding = 4; lastKnownFileType = sourcecode.c.h; name = SPYService.h; path = networking/SPYService.h; sourceTree = "<group>"; };
		BF77AD4C1A70D8DD008CCFB9 /* SPYService.m */ = {isa = PBXFileReference; fileEncoding = 4; lastKnownFileType = sourcecode.c.objc; name = SPYService.m; path = networking/SPYService.m; sourceTree = "<group>"; };
		BF77AD4E1A70E593008CCFB9 /* SPYServiceBrowser.h */ = {isa = PBXFileReference; fileEncoding = 4; lastKnownFileType = sourcecode.c.h; name = SPYServiceBrowser.h; path = networking/SPYServiceBrowser.h; sourceTree = "<group>"; };
		BF77AD4F1A70E593008CCFB9 /* SPYServiceBrowser.m */ = {isa = PBXFileReference; fileEncoding = 4; lastKnownFileType = sourcecode.c.objc; name = SPYServiceBrowser.m; path = networking/SPYServiceBrowser.m; sourceTree = "<group>"; };
		BFC3B2B11A736FC0001FB912 /* SettingsView.h */ = {isa = PBXFileReference; fileEncoding = 4; lastKnownFileType = sourcecode.c.h; path = SettingsView.h; sourceTree = "<group>"; };
		BFC3B2B21A736FC0001FB912 /* SettingsView.m */ = {isa = PBXFileReference; fileEncoding = 4; lastKnownFileType = sourcecode.c.objc; path = SettingsView.m; sourceTree = "<group>"; };
		BFC3B2BB1A738C49001FB912 /* SettingsView.xib */ = {isa = PBXFileReference; fileEncoding = 4; lastKnownFileType = file.xib; path = SettingsView.xib; sourceTree = "<group>"; };
/* End PBXFileReference section */

/* Begin PBXFrameworksBuildPhase section */
		BF77ACE21A6E4724008CCFB9 /* Frameworks */ = {
			isa = PBXFrameworksBuildPhase;
			buildActionMask = 2147483647;
			files = (
				BF201FA41A733F0700A571C8 /* MobileCoreServices.framework in Frameworks */,
				BF77AD3D1A6F88F6008CCFB9 /* libsqlite3.dylib in Frameworks */,
				BF77AD351A6E5484008CCFB9 /* CoreBluetooth.framework in Frameworks */,
			);
			runOnlyForDeploymentPostprocessing = 0;
		};
		BF77ACFB1A6E4725008CCFB9 /* Frameworks */ = {
			isa = PBXFrameworksBuildPhase;
			buildActionMask = 2147483647;
			files = (
			);
			runOnlyForDeploymentPostprocessing = 0;
		};
/* End PBXFrameworksBuildPhase section */

/* Begin PBXGroup section */
		BF3DBC191A77762F00A87FD2 /* files */ = {
			isa = PBXGroup;
			children = (
				BF3DBC1A1A77765300A87FD2 /* SPYFileUtil.h */,
				BF3DBC1B1A77765300A87FD2 /* SPYFileUtil.m */,
			);
			name = files;
			sourceTree = "<group>";
		};
		BF77ACDC1A6E4724008CCFB9 = {
			isa = PBXGroup;
			children = (
				BF201F9E1A71F10900A571C8 /* SpyResource.bundle */,
				BF77AD361A6E54A2008CCFB9 /* Frameworks */,
				BF77ACE71A6E4725008CCFB9 /* thespy */,
				BF77AD011A6E4725008CCFB9 /* thespyTests */,
				BF77ACE61A6E4725008CCFB9 /* Products */,
			);
			sourceTree = "<group>";
		};
		BF77ACE61A6E4725008CCFB9 /* Products */ = {
			isa = PBXGroup;
			children = (
				BF77ACE51A6E4725008CCFB9 /* thespy.app */,
				BF77ACFE1A6E4725008CCFB9 /* thespyTests.xctest */,
			);
			name = Products;
			sourceTree = "<group>";
		};
		BF77ACE71A6E4725008CCFB9 /* thespy */ = {
			isa = PBXGroup;
			children = (
				BF3DBC191A77762F00A87FD2 /* files */,
				BF3DBBFB1A76243500A87FD2 /* Main.storyboard */,
				BF77AD4A1A70D48A008CCFB9 /* networking */,
				BF77AD3E1A6F8A2E008CCFB9 /* db_sqlite3 */,
				BF77AD1F1A6E47FF008CCFB9 /* bean */,
				BF77AD281A6E47FF008CCFB9 /* PlayerInfoViewController.h */,
				BF77AD291A6E47FF008CCFB9 /* PlayerInfoViewController.m */,
				BF77AD391A6F808A008CCFB9 /* HistoryListViewController.h */,
				BF77AD3A1A6F808A008CCFB9 /* HistoryListViewController.m */,
				BF77AD2A1A6E47FF008CCFB9 /* PlayerListViewController.h */,
				BF77AD2B1A6E47FF008CCFB9 /* PlayerListViewController.m */,
				BF3DBC011A76277A00A87FD2 /* GameRoomView.h */,
				BF3DBC021A76277A00A87FD2 /* GameRoomView.m */,
				BF3DBC0E1A76449600A87FD2 /* GameRoomSubview.h */,
				BF3DBC0F1A76449600A87FD2 /* GameRoomSubview.m */,
				BF3DBC101A76449600A87FD2 /* GameRoomSubview.xib */,
				BF77AD1D1A6E47FF008CCFB9 /* ActionView.h */,
				BF77AD1E1A6E47FF008CCFB9 /* ActionView.m */,
				BF77ACEC1A6E4725008CCFB9 /* AppDelegate.h */,
				BF77ACED1A6E4725008CCFB9 /* AppDelegate.m */,
				BF77ACF51A6E4725008CCFB9 /* Images.xcassets */,
				BF77ACF71A6E4725008CCFB9 /* LaunchScreen.xib */,
				BF77ACE81A6E4725008CCFB9 /* Supporting Files */,
			);
			path = thespy;
			sourceTree = "<group>";
		};
		BF77ACE81A6E4725008CCFB9 /* Supporting Files */ = {
			isa = PBXGroup;
			children = (
				BF77ACE91A6E4725008CCFB9 /* Info.plist */,
				BF77ACEA1A6E4725008CCFB9 /* main.m */,
			);
			name = "Supporting Files";
			sourceTree = "<group>";
		};
		BF77AD011A6E4725008CCFB9 /* thespyTests */ = {
			isa = PBXGroup;
			children = (
				BF77AD041A6E4725008CCFB9 /* thespyTests.m */,
				BF77AD021A6E4725008CCFB9 /* Supporting Files */,
			);
			path = thespyTests;
			sourceTree = "<group>";
		};
		BF77AD021A6E4725008CCFB9 /* Supporting Files */ = {
			isa = PBXGroup;
			children = (
				BF77AD031A6E4725008CCFB9 /* Info.plist */,
			);
			name = "Supporting Files";
			sourceTree = "<group>";
		};
		BF77AD1F1A6E47FF008CCFB9 /* bean */ = {
			isa = PBXGroup;
			children = (
				BF77AD201A6E47FF008CCFB9 /* GameInitionView.h */,
				BF77AD211A6E47FF008CCFB9 /* GameInitionView.m */,
				BF77AD261A6E47FF008CCFB9 /* GameInitionView.xib */,
				BF77AD221A6E47FF008CCFB9 /* PlayerBean.h */,
				BF77AD231A6E47FF008CCFB9 /* PlayerBean.m */,
				BF77AD241A6E47FF008CCFB9 /* PlayerHeader.h */,
				BF77AD251A6E47FF008CCFB9 /* PlayerHeader.m */,
				BF77AD271A6E47FF008CCFB9 /* PlayerHeader.xib */,
				BF77AD421A6F935E008CCFB9 /* GameResult.h */,
				BF77AD431A6F935E008CCFB9 /* GameResult.m */,
				BF77AD451A6FD00C008CCFB9 /* HistoryListCell.h */,
				BF77AD461A6FD00C008CCFB9 /* HistoryListCell.m */,
				BF77AD481A6FD02C008CCFB9 /* HistoryListCell.xib */,
				BFC3B2B11A736FC0001FB912 /* SettingsView.h */,
				BFC3B2B21A736FC0001FB912 /* SettingsView.m */,
				BFC3B2BB1A738C49001FB912 /* SettingsView.xib */,
				BF3DBC041A76350B00A87FD2 /* GameRoomCell.h */,
				BF3DBC051A76350B00A87FD2 /* GameRoomCell.m */,
				BF3DBC071A76351700A87FD2 /* GameRoomCell.xib */,
			);
			path = bean;
			sourceTree = "<group>";
		};
		BF77AD361A6E54A2008CCFB9 /* Frameworks */ = {
			isa = PBXGroup;
			children = (
				BF201FA31A733F0700A571C8 /* MobileCoreServices.framework */,
				BF77AD3C1A6F88F6008CCFB9 /* libsqlite3.dylib */,
				BF77AD341A6E5484008CCFB9 /* CoreBluetooth.framework */,
			);
			name = Frameworks;
			sourceTree = "<group>";
		};
		BF77AD3E1A6F8A2E008CCFB9 /* db_sqlite3 */ = {
			isa = PBXGroup;
			children = (
				BF77AD3F1A6F8A5D008CCFB9 /* GameDB.h */,
				BF77AD401A6F8A5D008CCFB9 /* GameDB.m */,
			);
			name = db_sqlite3;
			sourceTree = "<group>";
		};
		BF77AD4A1A70D48A008CCFB9 /* networking */ = {
			isa = PBXGroup;
			children = (
				BF77AD4B1A70D8DD008CCFB9 /* SPYService.h */,
				BF77AD4C1A70D8DD008CCFB9 /* SPYService.m */,
				BF77AD4E1A70E593008CCFB9 /* SPYServiceBrowser.h */,
				BF77AD4F1A70E593008CCFB9 /* SPYServiceBrowser.m */,
				BF201FA01A72452D00A571C8 /* SPYConnection.h */,
				BF201FA11A72452D00A571C8 /* SPYConnection.m */,
			);
			name = networking;
			sourceTree = "<group>";
		};
/* End PBXGroup section */

/* Begin PBXNativeTarget section */
		BF77ACE41A6E4724008CCFB9 /* thespy */ = {
			isa = PBXNativeTarget;
			buildConfigurationList = BF77AD081A6E4725008CCFB9 /* Build configuration list for PBXNativeTarget "thespy" */;
			buildPhases = (
				BF77ACE11A6E4724008CCFB9 /* Sources */,
				BF77ACE21A6E4724008CCFB9 /* Frameworks */,
				BF77ACE31A6E4724008CCFB9 /* Resources */,
			);
			buildRules = (
			);
			dependencies = (
			);
			name = thespy;
			productName = thespy;
			productReference = BF77ACE51A6E4725008CCFB9 /* thespy.app */;
			productType = "com.apple.product-type.application";
		};
		BF77ACFD1A6E4725008CCFB9 /* thespyTests */ = {
			isa = PBXNativeTarget;
			buildConfigurationList = BF77AD0B1A6E4725008CCFB9 /* Build configuration list for PBXNativeTarget "thespyTests" */;
			buildPhases = (
				BF77ACFA1A6E4725008CCFB9 /* Sources */,
				BF77ACFB1A6E4725008CCFB9 /* Frameworks */,
				BF77ACFC1A6E4725008CCFB9 /* Resources */,
			);
			buildRules = (
			);
			dependencies = (
				BF77AD001A6E4725008CCFB9 /* PBXTargetDependency */,
			);
			name = thespyTests;
			productName = thespyTests;
			productReference = BF77ACFE1A6E4725008CCFB9 /* thespyTests.xctest */;
			productType = "com.apple.product-type.bundle.unit-test";
		};
/* End PBXNativeTarget section */

/* Begin PBXProject section */
		BF77ACDD1A6E4724008CCFB9 /* Project object */ = {
			isa = PBXProject;
			attributes = {
				LastUpgradeCheck = 0610;
				ORGANIZATIONNAME = zhaoquan;
				TargetAttributes = {
					BF77ACE41A6E4724008CCFB9 = {
						CreatedOnToolsVersion = 6.1.1;
					};
					BF77ACFD1A6E4725008CCFB9 = {
						CreatedOnToolsVersion = 6.1.1;
						TestTargetID = BF77ACE41A6E4724008CCFB9;
					};
				};
			};
			buildConfigurationList = BF77ACE01A6E4724008CCFB9 /* Build configuration list for PBXProject "thespy" */;
			compatibilityVersion = "Xcode 3.2";
			developmentRegion = English;
			hasScannedForEncodings = 0;
			knownRegions = (
				en,
				Base,
			);
			mainGroup = BF77ACDC1A6E4724008CCFB9;
			productRefGroup = BF77ACE61A6E4725008CCFB9 /* Products */;
			projectDirPath = "";
			projectRoot = "";
			targets = (
				BF77ACE41A6E4724008CCFB9 /* thespy */,
				BF77ACFD1A6E4725008CCFB9 /* thespyTests */,
			);
		};
/* End PBXProject section */

/* Begin PBXResourcesBuildPhase section */
		BF77ACE31A6E4724008CCFB9 /* Resources */ = {
			isa = PBXResourcesBuildPhase;
			buildActionMask = 2147483647;
			files = (
				BF77ACF91A6E4725008CCFB9 /* LaunchScreen.xib in Resources */,
				BF3DBBFD1A76243500A87FD2 /* Main.storyboard in Resources */,
				BF3DBC121A76449600A87FD2 /* GameRoomSubview.xib in Resources */,
				BF77ACF61A6E4725008CCFB9 /* Images.xcassets in Resources */,
				BF77AD301A6E47FF008CCFB9 /* GameInitionView.xib in Resources */,
				BF77AD491A6FD02C008CCFB9 /* HistoryListCell.xib in Resources */,
				BFC3B2BC1A738C49001FB912 /* SettingsView.xib in Resources */,
				BF3DBC081A76351700A87FD2 /* GameRoomCell.xib in Resources */,
				BF77AD311A6E47FF008CCFB9 /* PlayerHeader.xib in Resources */,
				BF201F9F1A71F10900A571C8 /* SpyResource.bundle in Resources */,
			);
			runOnlyForDeploymentPostprocessing = 0;
		};
		BF77ACFC1A6E4725008CCFB9 /* Resources */ = {
			isa = PBXResourcesBuildPhase;
			buildActionMask = 2147483647;
			files = (
			);
			runOnlyForDeploymentPostprocessing = 0;
		};
/* End PBXResourcesBuildPhase section */

/* Begin PBXSourcesBuildPhase section */
		BF77ACE11A6E4724008CCFB9 /* Sources */ = {
			isa = PBXSourcesBuildPhase;
			buildActionMask = 2147483647;
			files = (
				BF3DBC111A76449600A87FD2 /* GameRoomSubview.m in Sources */,
				BF77ACEE1A6E4725008CCFB9 /* AppDelegate.m in Sources */,
				BF3DBC1C1A77765300A87FD2 /* SPYFileUtil.m in Sources */,
				BFC3B2B31A736FC0001FB912 /* SettingsView.m in Sources */,
				BF77AD2F1A6E47FF008CCFB9 /* PlayerHeader.m in Sources */,
				BF77AD471A6FD00C008CCFB9 /* HistoryListCell.m in Sources */,
				BF3DBC031A76277A00A87FD2 /* GameRoomView.m in Sources */,
				BF77AD441A6F935E008CCFB9 /* GameResult.m in Sources */,
				BF77AD3B1A6F808A008CCFB9 /* HistoryListViewController.m in Sources */,
				BF77AD2C1A6E47FF008CCFB9 /* ActionView.m in Sources */,
				BF77ACEB1A6E4725008CCFB9 /* main.m in Sources */,
				BF77AD411A6F8A5D008CCFB9 /* GameDB.m in Sources */,
				BF77AD2E1A6E47FF008CCFB9 /* PlayerBean.m in Sources */,
				BF77AD331A6E47FF008CCFB9 /* PlayerListViewController.m in Sources */,
				BF3DBC061A76350B00A87FD2 /* GameRoomCell.m in Sources */,
				BF77AD321A6E47FF008CCFB9 /* PlayerInfoViewController.m in Sources */,
				BF77AD501A70E593008CCFB9 /* SPYServiceBrowser.m in Sources */,
				BF77AD4D1A70D8DD008CCFB9 /* SPYService.m in Sources */,
				BF77AD2D1A6E47FF008CCFB9 /* GameInitionView.m in Sources */,
				BF201FA21A72452D00A571C8 /* SPYConnection.m in Sources */,
			);
			runOnlyForDeploymentPostprocessing = 0;
		};
		BF77ACFA1A6E4725008CCFB9 /* Sources */ = {
			isa = PBXSourcesBuildPhase;
			buildActionMask = 2147483647;
			files = (
				BF77AD051A6E4725008CCFB9 /* thespyTests.m in Sources */,
			);
			runOnlyForDeploymentPostprocessing = 0;
		};
/* End PBXSourcesBuildPhase section */

/* Begin PBXTargetDependency section */
		BF77AD001A6E4725008CCFB9 /* PBXTargetDependency */ = {
			isa = PBXTargetDependency;
			target = BF77ACE41A6E4724008CCFB9 /* thespy */;
			targetProxy = BF77ACFF1A6E4725008CCFB9 /* PBXContainerItemProxy */;
		};
/* End PBXTargetDependency section */

/* Begin PBXVariantGroup section */
		BF3DBBFB1A76243500A87FD2 /* Main.storyboard */ = {
			isa = PBXVariantGroup;
			children = (
				BF3DBBFC1A76243500A87FD2 /* Base */,
			);
			name = Main.storyboard;
			sourceTree = "<group>";
		};
		BF77ACF71A6E4725008CCFB9 /* LaunchScreen.xib */ = {
			isa = PBXVariantGroup;
			children = (
				BF77ACF81A6E4725008CCFB9 /* Base */,
			);
			name = LaunchScreen.xib;
			sourceTree = "<group>";
		};
/* End PBXVariantGroup section */

/* Begin XCBuildConfiguration section */
		BF77AD061A6E4725008CCFB9 /* Debug */ = {
			isa = XCBuildConfiguration;
			buildSettings = {
				ALWAYS_SEARCH_USER_PATHS = NO;
				CLANG_CXX_LANGUAGE_STANDARD = "gnu++0x";
				CLANG_CXX_LIBRARY = "libc++";
				CLANG_ENABLE_MODULES = YES;
				CLANG_ENABLE_OBJC_ARC = YES;
				CLANG_WARN_BOOL_CONVERSION = YES;
				CLANG_WARN_CONSTANT_CONVERSION = YES;
				CLANG_WARN_DIRECT_OBJC_ISA_USAGE = YES_ERROR;
				CLANG_WARN_EMPTY_BODY = YES;
				CLANG_WARN_ENUM_CONVERSION = YES;
				CLANG_WARN_INT_CONVERSION = YES;
				CLANG_WARN_OBJC_ROOT_CLASS = YES_ERROR;
				CLANG_WARN_UNREACHABLE_CODE = YES;
				CLANG_WARN__DUPLICATE_METHOD_MATCH = YES;
				"CODE_SIGN_IDENTITY[sdk=iphoneos*]" = "iPhone Developer";
				COPY_PHASE_STRIP = NO;
				ENABLE_STRICT_OBJC_MSGSEND = YES;
				GCC_C_LANGUAGE_STANDARD = gnu99;
				GCC_DYNAMIC_NO_PIC = NO;
				GCC_OPTIMIZATION_LEVEL = 0;
				GCC_PREPROCESSOR_DEFINITIONS = (
					"DEBUG=1",
					"$(inherited)",
				);
				GCC_SYMBOLS_PRIVATE_EXTERN = NO;
				GCC_WARN_64_TO_32_BIT_CONVERSION = YES;
				GCC_WARN_ABOUT_RETURN_TYPE = YES_ERROR;
				GCC_WARN_UNDECLARED_SELECTOR = YES;
				GCC_WARN_UNINITIALIZED_AUTOS = YES_AGGRESSIVE;
				GCC_WARN_UNUSED_FUNCTION = YES;
				GCC_WARN_UNUSED_VARIABLE = YES;
				IPHONEOS_DEPLOYMENT_TARGET = 8.1;
				MTL_ENABLE_DEBUG_INFO = YES;
				ONLY_ACTIVE_ARCH = YES;
				SDKROOT = iphoneos;
			};
			name = Debug;
		};
		BF77AD071A6E4725008CCFB9 /* Release */ = {
			isa = XCBuildConfiguration;
			buildSettings = {
				ALWAYS_SEARCH_USER_PATHS = NO;
				CLANG_CXX_LANGUAGE_STANDARD = "gnu++0x";
				CLANG_CXX_LIBRARY = "libc++";
				CLANG_ENABLE_MODULES = YES;
				CLANG_ENABLE_OBJC_ARC = YES;
				CLANG_WARN_BOOL_CONVERSION = YES;
				CLANG_WARN_CONSTANT_CONVERSION = YES;
				CLANG_WARN_DIRECT_OBJC_ISA_USAGE = YES_ERROR;
				CLANG_WARN_EMPTY_BODY = YES;
				CLANG_WARN_ENUM_CONVERSION = YES;
				CLANG_WARN_INT_CONVERSION = YES;
				CLANG_WARN_OBJC_ROOT_CLASS = YES_ERROR;
				CLANG_WARN_UNREACHABLE_CODE = YES;
				CLANG_WARN__DUPLICATE_METHOD_MATCH = YES;
				"CODE_SIGN_IDENTITY[sdk=iphoneos*]" = "iPhone Developer";
				COPY_PHASE_STRIP = YES;
				ENABLE_NS_ASSERTIONS = NO;
				ENABLE_STRICT_OBJC_MSGSEND = YES;
				GCC_C_LANGUAGE_STANDARD = gnu99;
				GCC_WARN_64_TO_32_BIT_CONVERSION = YES;
				GCC_WARN_ABOUT_RETURN_TYPE = YES_ERROR;
				GCC_WARN_UNDECLARED_SELECTOR = YES;
				GCC_WARN_UNINITIALIZED_AUTOS = YES_AGGRESSIVE;
				GCC_WARN_UNUSED_FUNCTION = YES;
				GCC_WARN_UNUSED_VARIABLE = YES;
				IPHONEOS_DEPLOYMENT_TARGET = 8.1;
				MTL_ENABLE_DEBUG_INFO = NO;
				SDKROOT = iphoneos;
				VALIDATE_PRODUCT = YES;
			};
			name = Release;
		};
		BF77AD091A6E4725008CCFB9 /* Debug */ = {
			isa = XCBuildConfiguration;
			buildSettings = {
				ASSETCATALOG_COMPILER_APPICON_NAME = AppIcon;
				"CODE_SIGN_IDENTITY[sdk=iphoneos*]" = "iPhone Developer";
				INFOPLIST_FILE = thespy/Info.plist;
				IPHONEOS_DEPLOYMENT_TARGET = 7.0;
				LD_RUNPATH_SEARCH_PATHS = "$(inherited) @executable_path/Frameworks";
				PRODUCT_NAME = "$(TARGET_NAME)";
			};
			name = Debug;
		};
		BF77AD0A1A6E4725008CCFB9 /* Release */ = {
			isa = XCBuildConfiguration;
			buildSettings = {
				ASSETCATALOG_COMPILER_APPICON_NAME = AppIcon;
				"CODE_SIGN_IDENTITY[sdk=iphoneos*]" = "iPhone Developer";
				INFOPLIST_FILE = thespy/Info.plist;
				IPHONEOS_DEPLOYMENT_TARGET = 7.0;
				LD_RUNPATH_SEARCH_PATHS = "$(inherited) @executable_path/Frameworks";
				PRODUCT_NAME = "$(TARGET_NAME)";
			};
			name = Release;
		};
		BF77AD0C1A6E4725008CCFB9 /* Debug */ = {
			isa = XCBuildConfiguration;
			buildSettings = {
				BUNDLE_LOADER = "$(TEST_HOST)";
				FRAMEWORK_SEARCH_PATHS = (
					"$(SDKROOT)/Developer/Library/Frameworks",
					"$(inherited)",
				);
				GCC_PREPROCESSOR_DEFINITIONS = (
					"DEBUG=1",
					"$(inherited)",
				);
				INFOPLIST_FILE = thespyTests/Info.plist;
				LD_RUNPATH_SEARCH_PATHS = "$(inherited) @executable_path/Frameworks @loader_path/Frameworks";
				PRODUCT_NAME = "$(TARGET_NAME)";
				TEST_HOST = "$(BUILT_PRODUCTS_DIR)/thespy.app/thespy";
			};
			name = Debug;
		};
		BF77AD0D1A6E4725008CCFB9 /* Release */ = {
			isa = XCBuildConfiguration;
			buildSettings = {
				BUNDLE_LOADER = "$(TEST_HOST)";
				FRAMEWORK_SEARCH_PATHS = (
					"$(SDKROOT)/Developer/Library/Frameworks",
					"$(inherited)",
				);
				INFOPLIST_FILE = thespyTests/Info.plist;
				LD_RUNPATH_SEARCH_PATHS = "$(inherited) @executable_path/Frameworks @loader_path/Frameworks";
				PRODUCT_NAME = "$(TARGET_NAME)";
				TEST_HOST = "$(BUILT_PRODUCTS_DIR)/thespy.app/thespy";
			};
			name = Release;
		};
/* End XCBuildConfiguration section */

/* Begin XCConfigurationList section */
		BF77ACE01A6E4724008CCFB9 /* Build configuration list for PBXProject "thespy" */ = {
			isa = XCConfigurationList;
			buildConfigurations = (
				BF77AD061A6E4725008CCFB9 /* Debug */,
				BF77AD071A6E4725008CCFB9 /* Release */,
			);
			defaultConfigurationIsVisible = 0;
			defaultConfigurationName = Release;
		};
		BF77AD081A6E4725008CCFB9 /* Build configuration list for PBXNativeTarget "thespy" */ = {
			isa = XCConfigurationList;
			buildConfigurations = (
				BF77AD091A6E4725008CCFB9 /* Debug */,
				BF77AD0A1A6E4725008CCFB9 /* Release */,
			);
			defaultConfigurationIsVisible = 0;
			defaultConfigurationName = Release;
		};
		BF77AD0B1A6E4725008CCFB9 /* Build configuration list for PBXNativeTarget "thespyTests" */ = {
			isa = XCConfigurationList;
			buildConfigurations = (
				BF77AD0C1A6E4725008CCFB9 /* Debug */,
				BF77AD0D1A6E4725008CCFB9 /* Release */,
			);
			defaultConfigurationIsVisible = 0;
			defaultConfigurationName = Release;
		};
/* End XCConfigurationList section */
	};
	rootObject = BF77ACDD1A6E4724008CCFB9 /* Project object */;
}
